// !$*UTF8*$!
{
	archiveVersion = 1;
	classes = {
	};
	objectVersion = 45;
	objects = {

/* Begin PBXBuildFile section */
		050225FD12255C1800CC7622 /* NLSystemProfiler.m in Sources */ = {isa = PBXBuildFile; fileRef = 05DF527E1031F03A00862FA4 /* NLSystemProfiler.m */; };
		0516C208100E008800C6B853 /* NLApplication.m in Sources */ = {isa = PBXBuildFile; fileRef = 0516C1F5100E008800C6B853 /* NLApplication.m */; };
		0516C209100E008800C6B853 /* NLEvent.m in Sources */ = {isa = PBXBuildFile; fileRef = 0516C1F6100E008800C6B853 /* NLEvent.m */; };
		0516C20A100E008800C6B853 /* NLExecution.m in Sources */ = {isa = PBXBuildFile; fileRef = 0516C1F7100E008800C6B853 /* NLExecution.m */; };
		0516C20B100E008800C6B853 /* NLHostReachabilityTest.m in Sources */ = {isa = PBXBuildFile; fileRef = 0516C1F8100E008800C6B853 /* NLHostReachabilityTest.m */; };
		0516C20C100E008800C6B853 /* NLInstaller.m in Sources */ = {isa = PBXBuildFile; fileRef = 0516C1F9100E008800C6B853 /* NLInstaller.m */; };
		0516C20D100E008800C6B853 /* NLKeychainItem.m in Sources */ = {isa = PBXBuildFile; fileRef = 0516C1FA100E008800C6B853 /* NLKeychainItem.m */; };
		0516C20E100E008800C6B853 /* NLLogger.m in Sources */ = {isa = PBXBuildFile; fileRef = 0516C1FB100E008800C6B853 /* NLLogger.m */; };
		0516C20F100E008800C6B853 /* NLLogMessage.m in Sources */ = {isa = PBXBuildFile; fileRef = 0516C1FC100E008800C6B853 /* NLLogMessage.m */; };
		0516C210100E008800C6B853 /* NLObject.m in Sources */ = {isa = PBXBuildFile; fileRef = 0516C1FD100E008800C6B853 /* NLObject.m */; };
		0516C211100E008800C6B853 /* NLObjectSingleton.m in Sources */ = {isa = PBXBuildFile; fileRef = 0516C1FE100E008800C6B853 /* NLObjectSingleton.m */; };
		0516C212100E008800C6B853 /* NLPreferences.m in Sources */ = {isa = PBXBuildFile; fileRef = 0516C1FF100E008800C6B853 /* NLPreferences.m */; };
		0516C213100E008800C6B853 /* NLReflectionClass.m in Sources */ = {isa = PBXBuildFile; fileRef = 0516C200100E008800C6B853 /* NLReflectionClass.m */; };
		0516C214100E008800C6B853 /* NLReflectionMethod.m in Sources */ = {isa = PBXBuildFile; fileRef = 0516C201100E008800C6B853 /* NLReflectionMethod.m */; };
		0516C215100E008800C6B853 /* NLReflectionObject.m in Sources */ = {isa = PBXBuildFile; fileRef = 0516C202100E008800C6B853 /* NLReflectionObject.m */; };
		0516C216100E008800C6B853 /* NLReflectionProperty.m in Sources */ = {isa = PBXBuildFile; fileRef = 0516C203100E008800C6B853 /* NLReflectionProperty.m */; };
		0516C217100E008800C6B853 /* NLReflectionProtocol.m in Sources */ = {isa = PBXBuildFile; fileRef = 0516C204100E008800C6B853 /* NLReflectionProtocol.m */; };
		0516C218100E008800C6B853 /* NLReflectionVariable.m in Sources */ = {isa = PBXBuildFile; fileRef = 0516C205100E008800C6B853 /* NLReflectionVariable.m */; };
		0516C219100E008800C6B853 /* NLURLDownloader.m in Sources */ = {isa = PBXBuildFile; fileRef = 0516C206100E008800C6B853 /* NLURLDownloader.m */; };
		0516C21A100E008800C6B853 /* NLWindowFader.m in Sources */ = {isa = PBXBuildFile; fileRef = 0516C207100E008800C6B853 /* NLWindowFader.m */; };
		0516C2D2100E065300C6B853 /* NLEvent.h in Headers */ = {isa = PBXBuildFile; fileRef = 055C80E50FD7435C0097C170 /* NLEvent.h */; settings = {ATTRIBUTES = (Public, ); }; };
		0516C2D3100E065300C6B853 /* NLObject.h in Headers */ = {isa = PBXBuildFile; fileRef = 055C80E70FD7435C0097C170 /* NLObject.h */; settings = {ATTRIBUTES = (Public, ); }; };
		0516C2D4100E065300C6B853 /* NLSingleton.h in Headers */ = {isa = PBXBuildFile; fileRef = 055C80F60FD745300097C170 /* NLSingleton.h */; settings = {ATTRIBUTES = (Public, ); }; };
		0516C2D5100E065300C6B853 /* NLObjectSingleton.h in Headers */ = {isa = PBXBuildFile; fileRef = 055C80FA0FD7454B0097C170 /* NLObjectSingleton.h */; settings = {ATTRIBUTES = (Public, ); }; };
		0516C2D6100E065300C6B853 /* NLLogger.h in Headers */ = {isa = PBXBuildFile; fileRef = 055C80FF0FD746240097C170 /* NLLogger.h */; settings = {ATTRIBUTES = (Public, ); }; };
		0516C2D7100E065300C6B853 /* NLLogMessage.h in Headers */ = {isa = PBXBuildFile; fileRef = 055C81000FD746240097C170 /* NLLogMessage.h */; settings = {ATTRIBUTES = (Public, ); }; };
		0516C2D8100E065300C6B853 /* NutShell.h in Headers */ = {isa = PBXBuildFile; fileRef = 055C81600FD749F40097C170 /* NutShell.h */; settings = {ATTRIBUTES = (Public, ); }; };
		0516C2D9100E065300C6B853 /* NLExecution.h in Headers */ = {isa = PBXBuildFile; fileRef = 055C81A30FD74CE80097C170 /* NLExecution.h */; settings = {ATTRIBUTES = (Public, ); }; };
		0516C2DA100E065300C6B853 /* NLApplication.h in Headers */ = {isa = PBXBuildFile; fileRef = 055C81990FD74BED0097C170 /* NLApplication.h */; settings = {ATTRIBUTES = (Public, ); }; };
		0516C2DB100E065300C6B853 /* NLReflectionClass.h in Headers */ = {isa = PBXBuildFile; fileRef = 05E686C30FD77F6C003FAC5F /* NLReflectionClass.h */; settings = {ATTRIBUTES = (Public, ); }; };
		0516C2DC100E065300C6B853 /* NLReflectionMethod.h in Headers */ = {isa = PBXBuildFile; fileRef = 05E686C40FD77F6C003FAC5F /* NLReflectionMethod.h */; settings = {ATTRIBUTES = (Public, ); }; };
		0516C2DD100E065300C6B853 /* NLReflectionObject.h in Headers */ = {isa = PBXBuildFile; fileRef = 05E686C50FD77F6C003FAC5F /* NLReflectionObject.h */; settings = {ATTRIBUTES = (Public, ); }; };
		0516C2DE100E065300C6B853 /* NLReflectionProperty.h in Headers */ = {isa = PBXBuildFile; fileRef = 05E686C60FD77F6C003FAC5F /* NLReflectionProperty.h */; settings = {ATTRIBUTES = (Public, ); }; };
		0516C2DF100E065300C6B853 /* NLReflectionProtocol.h in Headers */ = {isa = PBXBuildFile; fileRef = 05E686C70FD77F6C003FAC5F /* NLReflectionProtocol.h */; settings = {ATTRIBUTES = (Public, ); }; };
		0516C2E0100E065300C6B853 /* NLReflectionVariable.h in Headers */ = {isa = PBXBuildFile; fileRef = 05E686C80FD77F6C003FAC5F /* NLReflectionVariable.h */; settings = {ATTRIBUTES = (Public, ); }; };
		0516C2E1100E065300C6B853 /* NLPreferences.h in Headers */ = {isa = PBXBuildFile; fileRef = 05E68A690FD80F7D003FAC5F /* NLPreferences.h */; settings = {ATTRIBUTES = (Public, ); }; };
		0516C2E2100E065300C6B853 /* NLEventDispatcher.h in Headers */ = {isa = PBXBuildFile; fileRef = 056997BF0FD8B03C00B590DD /* NLEventDispatcher.h */; settings = {ATTRIBUTES = (Public, ); }; };
		0516C2E3100E065300C6B853 /* NLScrollView.h in Headers */ = {isa = PBXBuildFile; fileRef = 056997C70FD8B06500B590DD /* NLScrollView.h */; settings = {ATTRIBUTES = (Public, ); }; };
		0516C2E4100E065300C6B853 /* NLTextView.h in Headers */ = {isa = PBXBuildFile; fileRef = 0550DB610FD9993B00DC5241 /* NLTextView.h */; settings = {ATTRIBUTES = (Public, ); }; };
		0516C2E5100E065300C6B853 /* NLKeychainItem.h in Headers */ = {isa = PBXBuildFile; fileRef = 0550DBB40FD9A28400DC5241 /* NLKeychainItem.h */; settings = {ATTRIBUTES = (Public, ); }; };
		0516C2E6100E065300C6B853 /* NLString.h in Headers */ = {isa = PBXBuildFile; fileRef = 05E914EB0FE3C4C2006A901B /* NLString.h */; settings = {ATTRIBUTES = (Public, ); }; };
		0516C2E7100E065300C6B853 /* NLDictionary.h in Headers */ = {isa = PBXBuildFile; fileRef = 05E24B8B0FE859C200C42604 /* NLDictionary.h */; settings = {ATTRIBUTES = (Public, ); }; };
		0516C2E8100E065300C6B853 /* NLWindowFader.h in Headers */ = {isa = PBXBuildFile; fileRef = 05984D590FEB43EA00A497EF /* NLWindowFader.h */; settings = {ATTRIBUTES = (Public, ); }; };
		0516C2E9100E065300C6B853 /* NLMacros.h in Headers */ = {isa = PBXBuildFile; fileRef = 055740840FF24D6000CA6580 /* NLMacros.h */; settings = {ATTRIBUTES = (); }; };
		0516C2EA100E065300C6B853 /* NLInstaller.h in Headers */ = {isa = PBXBuildFile; fileRef = 059107CF1000D41B00F3003A /* NLInstaller.h */; settings = {ATTRIBUTES = (Public, ); }; };
		0516C2EB100E065300C6B853 /* NutShellUI.h in Headers */ = {isa = PBXBuildFile; fileRef = 052297211002FD170033A3B9 /* NutShellUI.h */; settings = {ATTRIBUTES = (Public, ); }; };
		0516C2EC100E065300C6B853 /* NLUIInstaller.h in Headers */ = {isa = PBXBuildFile; fileRef = 0522984C10030C9D0033A3B9 /* NLUIInstaller.h */; settings = {ATTRIBUTES = (Public, ); }; };
		0516C2ED100E065300C6B853 /* NLURLDownloader.h in Headers */ = {isa = PBXBuildFile; fileRef = 0522986610030CE50033A3B9 /* NLURLDownloader.h */; settings = {ATTRIBUTES = (Public, ); }; };
		0516C2EE100E065300C6B853 /* NLUIURLDownloader.h in Headers */ = {isa = PBXBuildFile; fileRef = 052298C410031B5F0033A3B9 /* NLUIURLDownloader.h */; settings = {ATTRIBUTES = (Public, ); }; };
		0516C2EF100E065300C6B853 /* NLUISegmentedTabView.h in Headers */ = {isa = PBXBuildFile; fileRef = 0552BB4B100829BA00F0B59F /* NLUISegmentedTabView.h */; settings = {ATTRIBUTES = (Public, ); }; };
		0516C2F1100E065300C6B853 /* NLHostReachabilityTest.h in Headers */ = {isa = PBXBuildFile; fileRef = 05D5AB6D100DA52400832BFD /* NLHostReachabilityTest.h */; settings = {ATTRIBUTES = (Public, ); }; };
		0516C2F3100E065300C6B853 /* InfoPlist.strings in Resources */ = {isa = PBXBuildFile; fileRef = 089C1666FE841158C02AAC07 /* InfoPlist.strings */; };
		0516C2F5100E065300C6B853 /* NLEventDispatcher.m in Sources */ = {isa = PBXBuildFile; fileRef = 056997BD0FD8B03100B590DD /* NLEventDispatcher.m */; };
		0516C2F6100E065300C6B853 /* NLScrollView.m in Sources */ = {isa = PBXBuildFile; fileRef = 056997C90FD8B07000B590DD /* NLScrollView.m */; };
		0516C2F7100E065300C6B853 /* NLTextView.m in Sources */ = {isa = PBXBuildFile; fileRef = 0550DB5F0FD9993100DC5241 /* NLTextView.m */; };
		0516C2F8100E065300C6B853 /* NLString.m in Sources */ = {isa = PBXBuildFile; fileRef = 05E914E90FE3C4B6006A901B /* NLString.m */; };
		0516C2F9100E065300C6B853 /* NLDictionary.m in Sources */ = {isa = PBXBuildFile; fileRef = 05E24B8D0FE859CD00C42604 /* NLDictionary.m */; };
		0516C2FA100E065300C6B853 /* NLUIInstaller.m in Sources */ = {isa = PBXBuildFile; fileRef = 0522984A10030C960033A3B9 /* NLUIInstaller.m */; };
		0516C2FB100E065300C6B853 /* NLUIURLDownloader.m in Sources */ = {isa = PBXBuildFile; fileRef = 052298C210031B540033A3B9 /* NLUIURLDownloader.m */; };
		0516C2FC100E065300C6B853 /* NLUISegmentedTabView.m in Sources */ = {isa = PBXBuildFile; fileRef = 0552BB49100829A900F0B59F /* NLUISegmentedTabView.m */; };
		0516C2FE100E065300C6B853 /* NLApplication.m in Sources */ = {isa = PBXBuildFile; fileRef = 0516C1F5100E008800C6B853 /* NLApplication.m */; };
		0516C2FF100E065300C6B853 /* NLEvent.m in Sources */ = {isa = PBXBuildFile; fileRef = 0516C1F6100E008800C6B853 /* NLEvent.m */; };
		0516C300100E065300C6B853 /* NLExecution.m in Sources */ = {isa = PBXBuildFile; fileRef = 0516C1F7100E008800C6B853 /* NLExecution.m */; };
		0516C301100E065300C6B853 /* NLHostReachabilityTest.m in Sources */ = {isa = PBXBuildFile; fileRef = 0516C1F8100E008800C6B853 /* NLHostReachabilityTest.m */; };
		0516C302100E065300C6B853 /* NLInstaller.m in Sources */ = {isa = PBXBuildFile; fileRef = 0516C1F9100E008800C6B853 /* NLInstaller.m */; };
		0516C303100E065300C6B853 /* NLKeychainItem.m in Sources */ = {isa = PBXBuildFile; fileRef = 0516C1FA100E008800C6B853 /* NLKeychainItem.m */; };
		0516C304100E065300C6B853 /* NLLogger.m in Sources */ = {isa = PBXBuildFile; fileRef = 0516C1FB100E008800C6B853 /* NLLogger.m */; };
		0516C305100E065300C6B853 /* NLLogMessage.m in Sources */ = {isa = PBXBuildFile; fileRef = 0516C1FC100E008800C6B853 /* NLLogMessage.m */; };
		0516C306100E065300C6B853 /* NLObject.m in Sources */ = {isa = PBXBuildFile; fileRef = 0516C1FD100E008800C6B853 /* NLObject.m */; };
		0516C307100E065300C6B853 /* NLObjectSingleton.m in Sources */ = {isa = PBXBuildFile; fileRef = 0516C1FE100E008800C6B853 /* NLObjectSingleton.m */; };
		0516C308100E065300C6B853 /* NLPreferences.m in Sources */ = {isa = PBXBuildFile; fileRef = 0516C1FF100E008800C6B853 /* NLPreferences.m */; };
		0516C309100E065300C6B853 /* NLReflectionClass.m in Sources */ = {isa = PBXBuildFile; fileRef = 0516C200100E008800C6B853 /* NLReflectionClass.m */; };
		0516C30A100E065300C6B853 /* NLReflectionMethod.m in Sources */ = {isa = PBXBuildFile; fileRef = 0516C201100E008800C6B853 /* NLReflectionMethod.m */; };
		0516C30B100E065300C6B853 /* NLReflectionObject.m in Sources */ = {isa = PBXBuildFile; fileRef = 0516C202100E008800C6B853 /* NLReflectionObject.m */; };
		0516C30C100E065300C6B853 /* NLReflectionProperty.m in Sources */ = {isa = PBXBuildFile; fileRef = 0516C203100E008800C6B853 /* NLReflectionProperty.m */; };
		0516C30D100E065300C6B853 /* NLReflectionProtocol.m in Sources */ = {isa = PBXBuildFile; fileRef = 0516C204100E008800C6B853 /* NLReflectionProtocol.m */; };
		0516C30E100E065300C6B853 /* NLReflectionVariable.m in Sources */ = {isa = PBXBuildFile; fileRef = 0516C205100E008800C6B853 /* NLReflectionVariable.m */; };
		0516C30F100E065300C6B853 /* NLURLDownloader.m in Sources */ = {isa = PBXBuildFile; fileRef = 0516C206100E008800C6B853 /* NLURLDownloader.m */; };
		0516C310100E065300C6B853 /* NLWindowFader.m in Sources */ = {isa = PBXBuildFile; fileRef = 0516C207100E008800C6B853 /* NLWindowFader.m */; };
		0516C312100E065300C6B853 /* Cocoa.framework in Frameworks */ = {isa = PBXBuildFile; fileRef = 1058C7B1FEA5585E11CA2CBB /* Cocoa.framework */; };
		0516C313100E065300C6B853 /* Security.framework in Frameworks */ = {isa = PBXBuildFile; fileRef = 054145490FD7519B00D6CB19 /* Security.framework */; };
		0516C314100E065300C6B853 /* SystemConfiguration.framework in Frameworks */ = {isa = PBXBuildFile; fileRef = 05D5AB7A100DA62900832BFD /* SystemConfiguration.framework */; };
		0522984B10030C960033A3B9 /* NLUIInstaller.m in Sources */ = {isa = PBXBuildFile; fileRef = 0522984A10030C960033A3B9 /* NLUIInstaller.m */; };
		052298C310031B540033A3B9 /* NLUIURLDownloader.m in Sources */ = {isa = PBXBuildFile; fileRef = 052298C210031B540033A3B9 /* NLUIURLDownloader.m */; };
		05394B34102E72CE009E42E3 /* NLImage.m in Sources */ = {isa = PBXBuildFile; fileRef = 05394B33102E72CE009E42E3 /* NLImage.m */; };
		05394B41102E7404009E42E3 /* QuickLook.framework in Frameworks */ = {isa = PBXBuildFile; fileRef = 05394B40102E7404009E42E3 /* QuickLook.framework */; };
		05394B61102E7527009E42E3 /* NLImage.h in Headers */ = {isa = PBXBuildFile; fileRef = 05394B31102E72C1009E42E3 /* NLImage.h */; settings = {ATTRIBUTES = (Public, ); }; };
		05394B62102E752B009E42E3 /* NLImage.m in Sources */ = {isa = PBXBuildFile; fileRef = 05394B33102E72CE009E42E3 /* NLImage.m */; };
		05394B65102E7542009E42E3 /* QuickLook.framework in Frameworks */ = {isa = PBXBuildFile; fileRef = 05394B40102E7404009E42E3 /* QuickLook.framework */; };
		0541454A0FD7519B00D6CB19 /* Security.framework in Frameworks */ = {isa = PBXBuildFile; fileRef = 054145490FD7519B00D6CB19 /* Security.framework */; };
		0550DB600FD9993100DC5241 /* NLTextView.m in Sources */ = {isa = PBXBuildFile; fileRef = 0550DB5F0FD9993100DC5241 /* NLTextView.m */; };
		0552BB4A100829A900F0B59F /* NLUISegmentedTabView.m in Sources */ = {isa = PBXBuildFile; fileRef = 0552BB49100829A900F0B59F /* NLUISegmentedTabView.m */; };
		056997BE0FD8B03100B590DD /* NLEventDispatcher.m in Sources */ = {isa = PBXBuildFile; fileRef = 056997BD0FD8B03100B590DD /* NLEventDispatcher.m */; };
		056997CA0FD8B07000B590DD /* NLScrollView.m in Sources */ = {isa = PBXBuildFile; fileRef = 056997C90FD8B07000B590DD /* NLScrollView.m */; };
		05948CB1103758F900284538 /* NLDelegateChain.m in Sources */ = {isa = PBXBuildFile; fileRef = 05948CB0103758F900284538 /* NLDelegateChain.m */; };
		05948CDC10375E2D00284538 /* NLDelegateChain.h in Headers */ = {isa = PBXBuildFile; fileRef = 05948CB21037590900284538 /* NLDelegateChain.h */; settings = {ATTRIBUTES = (Public, ); }; };
		05948CDD10375E3200284538 /* NLDelegateChain.m in Sources */ = {isa = PBXBuildFile; fileRef = 05948CB0103758F900284538 /* NLDelegateChain.m */; };
		059D4CF3106A7CF2001FDA9D /* NLFileInfos.m in Sources */ = {isa = PBXBuildFile; fileRef = 059D4CF2106A7CF2001FDA9D /* NLFileInfos.m */; };
		059D4CF4106A7CF2001FDA9D /* NLFileInfos.m in Sources */ = {isa = PBXBuildFile; fileRef = 059D4CF2106A7CF2001FDA9D /* NLFileInfos.m */; };
		059D4CF6106A81A7001FDA9D /* NLFileInfos.h in Headers */ = {isa = PBXBuildFile; fileRef = 059D4CF5106A81A7001FDA9D /* NLFileInfos.h */; settings = {ATTRIBUTES = (Public, ); }; };
		05D5AB7B100DA62900832BFD /* SystemConfiguration.framework in Frameworks */ = {isa = PBXBuildFile; fileRef = 05D5AB7A100DA62900832BFD /* SystemConfiguration.framework */; };
		05DF4E8910316FBC00862FA4 /* NLFileManager.m in Sources */ = {isa = PBXBuildFile; fileRef = 05DF4E8810316FBC00862FA4 /* NLFileManager.m */; };
		05DF4E8A10316FC300862FA4 /* NLFileManager.m in Sources */ = {isa = PBXBuildFile; fileRef = 05DF4E8810316FBC00862FA4 /* NLFileManager.m */; };
		05DF4E8B10316FC700862FA4 /* NLFileManager.h in Headers */ = {isa = PBXBuildFile; fileRef = 05DF4E8610316FB000862FA4 /* NLFileManager.h */; settings = {ATTRIBUTES = (Public, ); }; };
		05DF527F1031F03A00862FA4 /* NLSystemProfiler.m in Sources */ = {isa = PBXBuildFile; fileRef = 05DF527E1031F03A00862FA4 /* NLSystemProfiler.m */; };
		05DF536C1035A85400862FA4 /* NLView.m in Sources */ = {isa = PBXBuildFile; fileRef = 05DF536B1035A85400862FA4 /* NLView.m */; };
		05DF536F1035A87A00862FA4 /* NLView.h in Headers */ = {isa = PBXBuildFile; fileRef = 05DF536D1035A87A00862FA4 /* NLView.h */; settings = {ATTRIBUTES = (Public, ); }; };
		05DF53701035A88100862FA4 /* NLView.m in Sources */ = {isa = PBXBuildFile; fileRef = 05DF536B1035A85400862FA4 /* NLView.m */; };
		05DF56F01035D6B300862FA4 /* NLColor.m in Sources */ = {isa = PBXBuildFile; fileRef = 05DF56EF1035D6B300862FA4 /* NLColor.m */; };
		05DF56F11035D6B300862FA4 /* NLColor.m in Sources */ = {isa = PBXBuildFile; fileRef = 05DF56EF1035D6B300862FA4 /* NLColor.m */; };
		05DF56F41035D6C400862FA4 /* NLColor.h in Headers */ = {isa = PBXBuildFile; fileRef = 05DF56F21035D6C400862FA4 /* NLColor.h */; settings = {ATTRIBUTES = (Public, ); }; };
		05DF57331035D91C00862FA4 /* NLLogFunctions.m in Sources */ = {isa = PBXBuildFile; fileRef = 05DF57301035D91C00862FA4 /* NLLogFunctions.m */; };
		05DF57351035D91C00862FA4 /* NLLogFunctions.m in Sources */ = {isa = PBXBuildFile; fileRef = 05DF57301035D91C00862FA4 /* NLLogFunctions.m */; };
		05DF57361035D91C00862FA4 /* NLLogFunctions.h in Headers */ = {isa = PBXBuildFile; fileRef = 05DF57321035D91C00862FA4 /* NLLogFunctions.h */; settings = {ATTRIBUTES = (Public, ); }; };
		05DF579C1035DCAE00862FA4 /* NLMakeFunctions.m in Sources */ = {isa = PBXBuildFile; fileRef = 05DF579B1035DCAE00862FA4 /* NLMakeFunctions.m */; };
		05DF579D1035DCAE00862FA4 /* NLMakeFunctions.m in Sources */ = {isa = PBXBuildFile; fileRef = 05DF579B1035DCAE00862FA4 /* NLMakeFunctions.m */; };
		05DF57A01035DCB600862FA4 /* NLMakeFunctions.h in Headers */ = {isa = PBXBuildFile; fileRef = 05DF579E1035DCB600862FA4 /* NLMakeFunctions.h */; settings = {ATTRIBUTES = (Public, ); }; };
		05E24B8E0FE859CD00C42604 /* NLDictionary.m in Sources */ = {isa = PBXBuildFile; fileRef = 05E24B8D0FE859CD00C42604 /* NLDictionary.m */; };
		05E914EA0FE3C4B6006A901B /* NLString.m in Sources */ = {isa = PBXBuildFile; fileRef = 05E914E90FE3C4B6006A901B /* NLString.m */; };
		05F47F6E10B00A78003AE0A2 /* NLArray.h in Headers */ = {isa = PBXBuildFile; fileRef = 05F47F6D10B00A78003AE0A2 /* NLArray.h */; settings = {ATTRIBUTES = (Public, ); }; };
		05F47F7110B00AE5003AE0A2 /* NLArray.m in Sources */ = {isa = PBXBuildFile; fileRef = 05F47F7010B00AE5003AE0A2 /* NLArray.m */; };
		05F47F7210B00AE5003AE0A2 /* NLArray.m in Sources */ = {isa = PBXBuildFile; fileRef = 05F47F7010B00AE5003AE0A2 /* NLArray.m */; };
		8DC2EF530486A6940098B216 /* InfoPlist.strings in Resources */ = {isa = PBXBuildFile; fileRef = 089C1666FE841158C02AAC07 /* InfoPlist.strings */; };
		8DC2EF570486A6940098B216 /* Cocoa.framework in Frameworks */ = {isa = PBXBuildFile; fileRef = 1058C7B1FEA5585E11CA2CBB /* Cocoa.framework */; };
/* End PBXBuildFile section */

/* Begin PBXContainerItemProxy section */
		050468B311B2E32B00428AAE /* PBXContainerItemProxy */ = {
			isa = PBXContainerItemProxy;
			containerPortal = 0867D690FE84028FC02AAC07 /* Project object */;
			proxyType = 1;
			remoteGlobalIDString = 0516C2D0100E065300C6B853;
			remoteInfo = "NutShell (Public)";
		};
/* End PBXContainerItemProxy section */

/* Begin PBXFileReference section */
		0516C1F5100E008800C6B853 /* NLApplication.m */ = {isa = PBXFileReference; fileEncoding = 4; lastKnownFileType = sourcecode.c.objc; path = NLApplication.m; sourceTree = "<group>"; };
		0516C1F6100E008800C6B853 /* NLEvent.m */ = {isa = PBXFileReference; fileEncoding = 4; lastKnownFileType = sourcecode.c.objc; path = NLEvent.m; sourceTree = "<group>"; };
		0516C1F7100E008800C6B853 /* NLExecution.m */ = {isa = PBXFileReference; fileEncoding = 4; lastKnownFileType = sourcecode.c.objc; path = NLExecution.m; sourceTree = "<group>"; };
		0516C1F8100E008800C6B853 /* NLHostReachabilityTest.m */ = {isa = PBXFileReference; fileEncoding = 4; lastKnownFileType = sourcecode.c.objc; path = NLHostReachabilityTest.m; sourceTree = "<group>"; };
		0516C1F9100E008800C6B853 /* NLInstaller.m */ = {isa = PBXFileReference; fileEncoding = 4; lastKnownFileType = sourcecode.c.objc; path = NLInstaller.m; sourceTree = "<group>"; };
		0516C1FA100E008800C6B853 /* NLKeychainItem.m */ = {isa = PBXFileReference; fileEncoding = 4; lastKnownFileType = sourcecode.c.objc; path = NLKeychainItem.m; sourceTree = "<group>"; };
		0516C1FB100E008800C6B853 /* NLLogger.m */ = {isa = PBXFileReference; fileEncoding = 4; lastKnownFileType = sourcecode.c.objc; path = NLLogger.m; sourceTree = "<group>"; };
		0516C1FC100E008800C6B853 /* NLLogMessage.m */ = {isa = PBXFileReference; fileEncoding = 4; lastKnownFileType = sourcecode.c.objc; path = NLLogMessage.m; sourceTree = "<group>"; };
		0516C1FD100E008800C6B853 /* NLObject.m */ = {isa = PBXFileReference; fileEncoding = 4; lastKnownFileType = sourcecode.c.objc; path = NLObject.m; sourceTree = "<group>"; };
		0516C1FE100E008800C6B853 /* NLObjectSingleton.m */ = {isa = PBXFileReference; fileEncoding = 4; lastKnownFileType = sourcecode.c.objc; path = NLObjectSingleton.m; sourceTree = "<group>"; };
		0516C1FF100E008800C6B853 /* NLPreferences.m */ = {isa = PBXFileReference; fileEncoding = 4; lastKnownFileType = sourcecode.c.objc; path = NLPreferences.m; sourceTree = "<group>"; };
		0516C200100E008800C6B853 /* NLReflectionClass.m */ = {isa = PBXFileReference; fileEncoding = 4; lastKnownFileType = sourcecode.c.objc; path = NLReflectionClass.m; sourceTree = "<group>"; };
		0516C201100E008800C6B853 /* NLReflectionMethod.m */ = {isa = PBXFileReference; fileEncoding = 4; lastKnownFileType = sourcecode.c.objc; path = NLReflectionMethod.m; sourceTree = "<group>"; };
		0516C202100E008800C6B853 /* NLReflectionObject.m */ = {isa = PBXFileReference; fileEncoding = 4; lastKnownFileType = sourcecode.c.objc; path = NLReflectionObject.m; sourceTree = "<group>"; };
		0516C203100E008800C6B853 /* NLReflectionProperty.m */ = {isa = PBXFileReference; fileEncoding = 4; lastKnownFileType = sourcecode.c.objc; path = NLReflectionProperty.m; sourceTree = "<group>"; };
		0516C204100E008800C6B853 /* NLReflectionProtocol.m */ = {isa = PBXFileReference; fileEncoding = 4; lastKnownFileType = sourcecode.c.objc; path = NLReflectionProtocol.m; sourceTree = "<group>"; };
		0516C205100E008800C6B853 /* NLReflectionVariable.m */ = {isa = PBXFileReference; fileEncoding = 4; lastKnownFileType = sourcecode.c.objc; path = NLReflectionVariable.m; sourceTree = "<group>"; };
		0516C206100E008800C6B853 /* NLURLDownloader.m */ = {isa = PBXFileReference; fileEncoding = 4; lastKnownFileType = sourcecode.c.objc; path = NLURLDownloader.m; sourceTree = "<group>"; };
		0516C207100E008800C6B853 /* NLWindowFader.m */ = {isa = PBXFileReference; fileEncoding = 4; lastKnownFileType = sourcecode.c.objc; path = NLWindowFader.m; sourceTree = "<group>"; };
		0516C319100E065300C6B853 /* NutShell.framework */ = {isa = PBXFileReference; explicitFileType = wrapper.framework; includeInIndex = 0; path = NutShell.framework; sourceTree = BUILT_PRODUCTS_DIR; };
		052297211002FD170033A3B9 /* NutShellUI.h */ = {isa = PBXFileReference; fileEncoding = 4; lastKnownFileType = sourcecode.c.h; path = NutShellUI.h; sourceTree = "<group>"; };
		0522984A10030C960033A3B9 /* NLUIInstaller.m */ = {isa = PBXFileReference; fileEncoding = 4; lastKnownFileType = sourcecode.c.objc; path = NLUIInstaller.m; sourceTree = "<group>"; };
		0522984C10030C9D0033A3B9 /* NLUIInstaller.h */ = {isa = PBXFileReference; fileEncoding = 4; lastKnownFileType = sourcecode.c.h; path = NLUIInstaller.h; sourceTree = "<group>"; };
		0522986610030CE50033A3B9 /* NLURLDownloader.h */ = {isa = PBXFileReference; fileEncoding = 4; lastKnownFileType = sourcecode.c.h; path = NLURLDownloader.h; sourceTree = "<group>"; };
		052298C210031B540033A3B9 /* NLUIURLDownloader.m */ = {isa = PBXFileReference; fileEncoding = 4; lastKnownFileType = sourcecode.c.objc; path = NLUIURLDownloader.m; sourceTree = "<group>"; };
		052298C410031B5F0033A3B9 /* NLUIURLDownloader.h */ = {isa = PBXFileReference; fileEncoding = 4; lastKnownFileType = sourcecode.c.h; path = NLUIURLDownloader.h; sourceTree = "<group>"; };
		05394B31102E72C1009E42E3 /* NLImage.h */ = {isa = PBXFileReference; fileEncoding = 4; lastKnownFileType = sourcecode.c.h; path = NLImage.h; sourceTree = "<group>"; };
		05394B33102E72CE009E42E3 /* NLImage.m */ = {isa = PBXFileReference; fileEncoding = 4; lastKnownFileType = sourcecode.c.objc; path = NLImage.m; sourceTree = "<group>"; };
		05394B40102E7404009E42E3 /* QuickLook.framework */ = {isa = PBXFileReference; lastKnownFileType = wrapper.framework; name = QuickLook.framework; path = /System/Library/Frameworks/QuickLook.framework; sourceTree = "<absolute>"; };
		054145490FD7519B00D6CB19 /* Security.framework */ = {isa = PBXFileReference; lastKnownFileType = wrapper.framework; name = Security.framework; path = /System/Library/Frameworks/Security.framework; sourceTree = "<absolute>"; };
		0550DB5F0FD9993100DC5241 /* NLTextView.m */ = {isa = PBXFileReference; fileEncoding = 4; lastKnownFileType = sourcecode.c.objc; path = NLTextView.m; sourceTree = "<group>"; };
		0550DB610FD9993B00DC5241 /* NLTextView.h */ = {isa = PBXFileReference; fileEncoding = 4; lastKnownFileType = sourcecode.c.h; path = NLTextView.h; sourceTree = "<group>"; };
		0550DBB40FD9A28400DC5241 /* NLKeychainItem.h */ = {isa = PBXFileReference; fileEncoding = 4; lastKnownFileType = sourcecode.c.h; path = NLKeychainItem.h; sourceTree = "<group>"; };
		0552BB49100829A900F0B59F /* NLUISegmentedTabView.m */ = {isa = PBXFileReference; fileEncoding = 4; lastKnownFileType = sourcecode.c.objc; path = NLUISegmentedTabView.m; sourceTree = "<group>"; };
		0552BB4B100829BA00F0B59F /* NLUISegmentedTabView.h */ = {isa = PBXFileReference; fileEncoding = 4; lastKnownFileType = sourcecode.c.h; path = NLUISegmentedTabView.h; sourceTree = "<group>"; };
		055740840FF24D6000CA6580 /* NLMacros.h */ = {isa = PBXFileReference; fileEncoding = 4; lastKnownFileType = sourcecode.c.h; path = NLMacros.h; sourceTree = "<group>"; };
		055C80E50FD7435C0097C170 /* NLEvent.h */ = {isa = PBXFileReference; fileEncoding = 4; lastKnownFileType = sourcecode.c.h; path = NLEvent.h; sourceTree = "<group>"; };
		055C80E70FD7435C0097C170 /* NLObject.h */ = {isa = PBXFileReference; fileEncoding = 4; lastKnownFileType = sourcecode.c.h; path = NLObject.h; sourceTree = "<group>"; };
		055C80F60FD745300097C170 /* NLSingleton.h */ = {isa = PBXFileReference; fileEncoding = 4; lastKnownFileType = sourcecode.c.h; path = NLSingleton.h; sourceTree = "<group>"; };
		055C80FA0FD7454B0097C170 /* NLObjectSingleton.h */ = {isa = PBXFileReference; fileEncoding = 4; lastKnownFileType = sourcecode.c.h; path = NLObjectSingleton.h; sourceTree = "<group>"; };
		055C80FF0FD746240097C170 /* NLLogger.h */ = {isa = PBXFileReference; fileEncoding = 4; lastKnownFileType = sourcecode.c.h; path = NLLogger.h; sourceTree = "<group>"; };
		055C81000FD746240097C170 /* NLLogMessage.h */ = {isa = PBXFileReference; fileEncoding = 4; lastKnownFileType = sourcecode.c.h; path = NLLogMessage.h; sourceTree = "<group>"; };
		055C81600FD749F40097C170 /* NutShell.h */ = {isa = PBXFileReference; fileEncoding = 4; lastKnownFileType = sourcecode.c.h; path = NutShell.h; sourceTree = "<group>"; };
		055C81990FD74BED0097C170 /* NLApplication.h */ = {isa = PBXFileReference; fileEncoding = 4; lastKnownFileType = sourcecode.c.h; path = NLApplication.h; sourceTree = "<group>"; };
		055C81A30FD74CE80097C170 /* NLExecution.h */ = {isa = PBXFileReference; fileEncoding = 4; lastKnownFileType = sourcecode.c.h; path = NLExecution.h; sourceTree = "<group>"; };
		056997BD0FD8B03100B590DD /* NLEventDispatcher.m */ = {isa = PBXFileReference; fileEncoding = 4; lastKnownFileType = sourcecode.c.objc; path = NLEventDispatcher.m; sourceTree = "<group>"; };
		056997BF0FD8B03C00B590DD /* NLEventDispatcher.h */ = {isa = PBXFileReference; fileEncoding = 4; lastKnownFileType = sourcecode.c.h; path = NLEventDispatcher.h; sourceTree = "<group>"; };
		056997C70FD8B06500B590DD /* NLScrollView.h */ = {isa = PBXFileReference; fileEncoding = 4; lastKnownFileType = sourcecode.c.h; path = NLScrollView.h; sourceTree = "<group>"; };
		056997C90FD8B07000B590DD /* NLScrollView.m */ = {isa = PBXFileReference; fileEncoding = 4; lastKnownFileType = sourcecode.c.objc; path = NLScrollView.m; sourceTree = "<group>"; };
		059107CF1000D41B00F3003A /* NLInstaller.h */ = {isa = PBXFileReference; fileEncoding = 4; lastKnownFileType = sourcecode.c.h; path = NLInstaller.h; sourceTree = "<group>"; };
		05948CB0103758F900284538 /* NLDelegateChain.m */ = {isa = PBXFileReference; fileEncoding = 4; lastKnownFileType = sourcecode.c.objc; path = NLDelegateChain.m; sourceTree = "<group>"; };
		05948CB21037590900284538 /* NLDelegateChain.h */ = {isa = PBXFileReference; fileEncoding = 4; lastKnownFileType = sourcecode.c.h; path = NLDelegateChain.h; sourceTree = "<group>"; };
		05984D590FEB43EA00A497EF /* NLWindowFader.h */ = {isa = PBXFileReference; fileEncoding = 4; lastKnownFileType = sourcecode.c.h; path = NLWindowFader.h; sourceTree = "<group>"; };
		059D4CF2106A7CF2001FDA9D /* NLFileInfos.m */ = {isa = PBXFileReference; fileEncoding = 4; lastKnownFileType = sourcecode.c.objc; path = NLFileInfos.m; sourceTree = "<group>"; };
		059D4CF5106A81A7001FDA9D /* NLFileInfos.h */ = {isa = PBXFileReference; fileEncoding = 4; lastKnownFileType = sourcecode.c.h; path = NLFileInfos.h; sourceTree = "<group>"; };
		05D5AB6D100DA52400832BFD /* NLHostReachabilityTest.h */ = {isa = PBXFileReference; fileEncoding = 4; lastKnownFileType = sourcecode.c.h; path = NLHostReachabilityTest.h; sourceTree = "<group>"; };
		05D5AB7A100DA62900832BFD /* SystemConfiguration.framework */ = {isa = PBXFileReference; lastKnownFileType = wrapper.framework; name = SystemConfiguration.framework; path = /System/Library/Frameworks/SystemConfiguration.framework; sourceTree = "<absolute>"; };
		05DF4E8610316FB000862FA4 /* NLFileManager.h */ = {isa = PBXFileReference; fileEncoding = 4; lastKnownFileType = sourcecode.c.h; path = NLFileManager.h; sourceTree = "<group>"; };
		05DF4E8810316FBC00862FA4 /* NLFileManager.m */ = {isa = PBXFileReference; fileEncoding = 4; lastKnownFileType = sourcecode.c.objc; path = NLFileManager.m; sourceTree = "<group>"; };
		05DF527E1031F03A00862FA4 /* NLSystemProfiler.m */ = {isa = PBXFileReference; fileEncoding = 4; lastKnownFileType = sourcecode.c.objc; path = NLSystemProfiler.m; sourceTree = "<group>"; };
		05DF52801031F04C00862FA4 /* NLSystemProfiler.h */ = {isa = PBXFileReference; fileEncoding = 4; lastKnownFileType = sourcecode.c.h; path = NLSystemProfiler.h; sourceTree = "<group>"; };
		05DF536B1035A85400862FA4 /* NLView.m */ = {isa = PBXFileReference; fileEncoding = 4; lastKnownFileType = sourcecode.c.objc; path = NLView.m; sourceTree = "<group>"; };
		05DF536D1035A87A00862FA4 /* NLView.h */ = {isa = PBXFileReference; fileEncoding = 4; lastKnownFileType = sourcecode.c.h; path = NLView.h; sourceTree = "<group>"; };
		05DF56EF1035D6B300862FA4 /* NLColor.m */ = {isa = PBXFileReference; fileEncoding = 4; lastKnownFileType = sourcecode.c.objc; path = NLColor.m; sourceTree = "<group>"; };
		05DF56F21035D6C400862FA4 /* NLColor.h */ = {isa = PBXFileReference; fileEncoding = 4; lastKnownFileType = sourcecode.c.h; path = NLColor.h; sourceTree = "<group>"; };
		05DF57301035D91C00862FA4 /* NLLogFunctions.m */ = {isa = PBXFileReference; fileEncoding = 4; lastKnownFileType = sourcecode.c.objc; path = NLLogFunctions.m; sourceTree = "<group>"; };
		05DF57321035D91C00862FA4 /* NLLogFunctions.h */ = {isa = PBXFileReference; fileEncoding = 4; lastKnownFileType = sourcecode.c.h; path = NLLogFunctions.h; sourceTree = "<group>"; };
		05DF579B1035DCAE00862FA4 /* NLMakeFunctions.m */ = {isa = PBXFileReference; fileEncoding = 4; lastKnownFileType = sourcecode.c.objc; path = NLMakeFunctions.m; sourceTree = "<group>"; };
		05DF579E1035DCB600862FA4 /* NLMakeFunctions.h */ = {isa = PBXFileReference; fileEncoding = 4; lastKnownFileType = sourcecode.c.h; path = NLMakeFunctions.h; sourceTree = "<group>"; };
		05E24B8B0FE859C200C42604 /* NLDictionary.h */ = {isa = PBXFileReference; fileEncoding = 4; lastKnownFileType = sourcecode.c.h; path = NLDictionary.h; sourceTree = "<group>"; };
		05E24B8D0FE859CD00C42604 /* NLDictionary.m */ = {isa = PBXFileReference; fileEncoding = 4; lastKnownFileType = sourcecode.c.objc; path = NLDictionary.m; sourceTree = "<group>"; };
		05E686C30FD77F6C003FAC5F /* NLReflectionClass.h */ = {isa = PBXFileReference; fileEncoding = 4; lastKnownFileType = sourcecode.c.h; path = NLReflectionClass.h; sourceTree = "<group>"; };
		05E686C40FD77F6C003FAC5F /* NLReflectionMethod.h */ = {isa = PBXFileReference; fileEncoding = 4; lastKnownFileType = sourcecode.c.h; path = NLReflectionMethod.h; sourceTree = "<group>"; };
		05E686C50FD77F6C003FAC5F /* NLReflectionObject.h */ = {isa = PBXFileReference; fileEncoding = 4; lastKnownFileType = sourcecode.c.h; path = NLReflectionObject.h; sourceTree = "<group>"; };
		05E686C60FD77F6C003FAC5F /* NLReflectionProperty.h */ = {isa = PBXFileReference; fileEncoding = 4; lastKnownFileType = sourcecode.c.h; path = NLReflectionProperty.h; sourceTree = "<group>"; };
		05E686C70FD77F6C003FAC5F /* NLReflectionProtocol.h */ = {isa = PBXFileReference; fileEncoding = 4; lastKnownFileType = sourcecode.c.h; path = NLReflectionProtocol.h; sourceTree = "<group>"; };
		05E686C80FD77F6C003FAC5F /* NLReflectionVariable.h */ = {isa = PBXFileReference; fileEncoding = 4; lastKnownFileType = sourcecode.c.h; path = NLReflectionVariable.h; sourceTree = "<group>"; };
		05E68A690FD80F7D003FAC5F /* NLPreferences.h */ = {isa = PBXFileReference; fileEncoding = 4; lastKnownFileType = sourcecode.c.h; path = NLPreferences.h; sourceTree = "<group>"; };
		05E914E90FE3C4B6006A901B /* NLString.m */ = {isa = PBXFileReference; fileEncoding = 4; lastKnownFileType = sourcecode.c.objc; path = NLString.m; sourceTree = "<group>"; };
		05E914EB0FE3C4C2006A901B /* NLString.h */ = {isa = PBXFileReference; fileEncoding = 4; lastKnownFileType = sourcecode.c.h; path = NLString.h; sourceTree = "<group>"; };
		05F47F6D10B00A78003AE0A2 /* NLArray.h */ = {isa = PBXFileReference; fileEncoding = 4; lastKnownFileType = sourcecode.c.h; path = NLArray.h; sourceTree = "<group>"; };
		05F47F7010B00AE5003AE0A2 /* NLArray.m */ = {isa = PBXFileReference; fileEncoding = 4; lastKnownFileType = sourcecode.c.objc; path = NLArray.m; sourceTree = "<group>"; };
		0867D69BFE84028FC02AAC07 /* Foundation.framework */ = {isa = PBXFileReference; lastKnownFileType = wrapper.framework; name = Foundation.framework; path = /System/Library/Frameworks/Foundation.framework; sourceTree = "<absolute>"; };
		0867D6A5FE840307C02AAC07 /* AppKit.framework */ = {isa = PBXFileReference; lastKnownFileType = wrapper.framework; name = AppKit.framework; path = /System/Library/Frameworks/AppKit.framework; sourceTree = "<absolute>"; };
		089C1667FE841158C02AAC07 /* English */ = {isa = PBXFileReference; fileEncoding = 10; lastKnownFileType = text.plist.strings; name = English; path = English.lproj/InfoPlist.strings; sourceTree = "<group>"; };
		1058C7B1FEA5585E11CA2CBB /* Cocoa.framework */ = {isa = PBXFileReference; lastKnownFileType = wrapper.framework; name = Cocoa.framework; path = /System/Library/Frameworks/Cocoa.framework; sourceTree = "<absolute>"; };
		32DBCF5E0370ADEE00C91783 /* NutShell_Prefix.pch */ = {isa = PBXFileReference; fileEncoding = 4; lastKnownFileType = sourcecode.c.h; path = NutShell_Prefix.pch; sourceTree = "<group>"; };
		8DC2EF5A0486A6940098B216 /* Info.plist */ = {isa = PBXFileReference; fileEncoding = 4; lastKnownFileType = text.plist.xml; path = Info.plist; sourceTree = "<group>"; };
		8DC2EF5B0486A6940098B216 /* NutShell.framework */ = {isa = PBXFileReference; explicitFileType = wrapper.framework; includeInIndex = 0; path = NutShell.framework; sourceTree = BUILT_PRODUCTS_DIR; };
		D2F7E79907B2D74100F64583 /* CoreData.framework */ = {isa = PBXFileReference; lastKnownFileType = wrapper.framework; name = CoreData.framework; path = /System/Library/Frameworks/CoreData.framework; sourceTree = "<absolute>"; };
/* End PBXFileReference section */

/* Begin PBXFrameworksBuildPhase section */
		0516C311100E065300C6B853 /* Frameworks */ = {
			isa = PBXFrameworksBuildPhase;
			buildActionMask = 2147483647;
			files = (
				0516C312100E065300C6B853 /* Cocoa.framework in Frameworks */,
				0516C313100E065300C6B853 /* Security.framework in Frameworks */,
				0516C314100E065300C6B853 /* SystemConfiguration.framework in Frameworks */,
				05394B65102E7542009E42E3 /* QuickLook.framework in Frameworks */,
			);
			runOnlyForDeploymentPostprocessing = 0;
		};
		8DC2EF560486A6940098B216 /* Frameworks */ = {
			isa = PBXFrameworksBuildPhase;
			buildActionMask = 2147483647;
			files = (
				8DC2EF570486A6940098B216 /* Cocoa.framework in Frameworks */,
				0541454A0FD7519B00D6CB19 /* Security.framework in Frameworks */,
				05D5AB7B100DA62900832BFD /* SystemConfiguration.framework in Frameworks */,
				05394B41102E7404009E42E3 /* QuickLook.framework in Frameworks */,
			);
			runOnlyForDeploymentPostprocessing = 0;
		};
/* End PBXFrameworksBuildPhase section */

/* Begin PBXGroup section */
		034768DFFF38A50411DB9C8B /* Products */ = {
			isa = PBXGroup;
			children = (
				8DC2EF5B0486A6940098B216 /* NutShell.framework */,
				0516C319100E065300C6B853 /* NutShell.framework */,
			);
			name = Products;
			sourceTree = "<group>";
		};
		0522970E1002FCD00033A3B9 /* ui */ = {
			isa = PBXGroup;
			children = (
				052297101002FCD00033A3B9 /* include */,
				0522984A10030C960033A3B9 /* NLUIInstaller.m */,
				052298C210031B540033A3B9 /* NLUIURLDownloader.m */,
				0552BB49100829A900F0B59F /* NLUISegmentedTabView.m */,
			);
			path = ui;
			sourceTree = "<group>";
		};
		052297101002FCD00033A3B9 /* include */ = {
			isa = PBXGroup;
			children = (
				0522984C10030C9D0033A3B9 /* NLUIInstaller.h */,
				052298C410031B5F0033A3B9 /* NLUIURLDownloader.h */,
				0552BB4B100829BA00F0B59F /* NLUISegmentedTabView.h */,
			);
			path = include;
			sourceTree = "<group>";
		};
		055C80E00FD742880097C170 /* protocols */ = {
			isa = PBXGroup;
			children = (
				055C80F60FD745300097C170 /* NLSingleton.h */,
			);
			path = protocols;
			sourceTree = "<group>";
		};
		055C80E40FD7435C0097C170 /* include */ = {
			isa = PBXGroup;
			children = (
				055C81600FD749F40097C170 /* NutShell.h */,
				052297211002FD170033A3B9 /* NutShellUI.h */,
				055C81990FD74BED0097C170 /* NLApplication.h */,
				05948CB21037590900284538 /* NLDelegateChain.h */,
				055C81A30FD74CE80097C170 /* NLExecution.h */,
				055C80E50FD7435C0097C170 /* NLEvent.h */,
				059D4CF5106A81A7001FDA9D /* NLFileInfos.h */,
				05D5AB6D100DA52400832BFD /* NLHostReachabilityTest.h */,
				059107CF1000D41B00F3003A /* NLInstaller.h */,
				0550DBB40FD9A28400DC5241 /* NLKeychainItem.h */,
				055C80FF0FD746240097C170 /* NLLogger.h */,
				055C81000FD746240097C170 /* NLLogMessage.h */,
				055740840FF24D6000CA6580 /* NLMacros.h */,
				055C80E70FD7435C0097C170 /* NLObject.h */,
				055C80FA0FD7454B0097C170 /* NLObjectSingleton.h */,
				05E68A690FD80F7D003FAC5F /* NLPreferences.h */,
				05E686C30FD77F6C003FAC5F /* NLReflectionClass.h */,
				05E686C40FD77F6C003FAC5F /* NLReflectionMethod.h */,
				05E686C50FD77F6C003FAC5F /* NLReflectionObject.h */,
				05E686C60FD77F6C003FAC5F /* NLReflectionProperty.h */,
				05E686C70FD77F6C003FAC5F /* NLReflectionProtocol.h */,
				05E686C80FD77F6C003FAC5F /* NLReflectionVariable.h */,
				05DF52801031F04C00862FA4 /* NLSystemProfiler.h */,
				0522986610030CE50033A3B9 /* NLURLDownloader.h */,
				05DF536D1035A87A00862FA4 /* NLView.h */,
				05984D590FEB43EA00A497EF /* NLWindowFader.h */,
			);
			path = include;
			sourceTree = "<group>";
		};
		056997BB0FD8AFAB00B590DD /* categories */ = {
			isa = PBXGroup;
			children = (
				056997BC0FD8AFAB00B590DD /* include */,
				05F47F7010B00AE5003AE0A2 /* NLArray.m */,
				05DF56EF1035D6B300862FA4 /* NLColor.m */,
				05E24B8D0FE859CD00C42604 /* NLDictionary.m */,
				056997BD0FD8B03100B590DD /* NLEventDispatcher.m */,
				05DF4E8810316FBC00862FA4 /* NLFileManager.m */,
				05394B33102E72CE009E42E3 /* NLImage.m */,
				056997C90FD8B07000B590DD /* NLScrollView.m */,
				05E914E90FE3C4B6006A901B /* NLString.m */,
				0550DB5F0FD9993100DC5241 /* NLTextView.m */,
			);
			path = categories;
			sourceTree = "<group>";
		};
		056997BC0FD8AFAB00B590DD /* include */ = {
			isa = PBXGroup;
			children = (
				05F47F6D10B00A78003AE0A2 /* NLArray.h */,
				05DF56F21035D6C400862FA4 /* NLColor.h */,
				05E24B8B0FE859C200C42604 /* NLDictionary.h */,
				056997BF0FD8B03C00B590DD /* NLEventDispatcher.h */,
				05DF4E8610316FB000862FA4 /* NLFileManager.h */,
				05394B31102E72C1009E42E3 /* NLImage.h */,
				056997C70FD8B06500B590DD /* NLScrollView.h */,
				05E914EB0FE3C4C2006A901B /* NLString.h */,
				0550DB610FD9993B00DC5241 /* NLTextView.h */,
			);
			path = include;
			sourceTree = "<group>";
		};
		05DF572F1035D91C00862FA4 /* functions */ = {
			isa = PBXGroup;
			children = (
				05DF57311035D91C00862FA4 /* include */,
				05DF57301035D91C00862FA4 /* NLLogFunctions.m */,
				05DF579B1035DCAE00862FA4 /* NLMakeFunctions.m */,
			);
			path = functions;
			sourceTree = "<group>";
		};
		05DF57311035D91C00862FA4 /* include */ = {
			isa = PBXGroup;
			children = (
				05DF57321035D91C00862FA4 /* NLLogFunctions.h */,
				05DF579E1035DCB600862FA4 /* NLMakeFunctions.h */,
			);
			path = include;
			sourceTree = "<group>";
		};
		0867D691FE84028FC02AAC07 /* Cocos */ = {
			isa = PBXGroup;
			children = (
				08FB77AEFE84172EC02AAC07 /* classes */,
				05DF572F1035D91C00862FA4 /* functions */,
				32C88DFF0371C24200C91783 /* Other Sources */,
				089C1665FE841158C02AAC07 /* Resources */,
				0867D69AFE84028FC02AAC07 /* External Frameworks and Libraries */,
				034768DFFF38A50411DB9C8B /* Products */,
			);
			name = Cocos;
			sourceTree = "<group>";
		};
		0867D69AFE84028FC02AAC07 /* External Frameworks and Libraries */ = {
			isa = PBXGroup;
			children = (
				1058C7B0FEA5585E11CA2CBB /* Linked Frameworks */,
				1058C7B2FEA5585E11CA2CBB /* Other Frameworks */,
			);
			name = "External Frameworks and Libraries";
			sourceTree = "<group>";
		};
		089C1665FE841158C02AAC07 /* Resources */ = {
			isa = PBXGroup;
			children = (
				8DC2EF5A0486A6940098B216 /* Info.plist */,
				089C1666FE841158C02AAC07 /* InfoPlist.strings */,
			);
			name = Resources;
			sourceTree = "<group>";
		};
		08FB77AEFE84172EC02AAC07 /* classes */ = {
			isa = PBXGroup;
			children = (
				056997BB0FD8AFAB00B590DD /* categories */,
				055C80E40FD7435C0097C170 /* include */,
				055C80E00FD742880097C170 /* protocols */,
				0522970E1002FCD00033A3B9 /* ui */,
				0516C1F5100E008800C6B853 /* NLApplication.m */,
				05948CB0103758F900284538 /* NLDelegateChain.m */,
				0516C1F6100E008800C6B853 /* NLEvent.m */,
				0516C1F7100E008800C6B853 /* NLExecution.m */,
				059D4CF2106A7CF2001FDA9D /* NLFileInfos.m */,
				0516C1F8100E008800C6B853 /* NLHostReachabilityTest.m */,
				0516C1F9100E008800C6B853 /* NLInstaller.m */,
				0516C1FA100E008800C6B853 /* NLKeychainItem.m */,
				0516C1FB100E008800C6B853 /* NLLogger.m */,
				0516C1FC100E008800C6B853 /* NLLogMessage.m */,
				0516C1FD100E008800C6B853 /* NLObject.m */,
				0516C1FE100E008800C6B853 /* NLObjectSingleton.m */,
				0516C1FF100E008800C6B853 /* NLPreferences.m */,
				0516C200100E008800C6B853 /* NLReflectionClass.m */,
				0516C201100E008800C6B853 /* NLReflectionMethod.m */,
				0516C202100E008800C6B853 /* NLReflectionObject.m */,
				0516C203100E008800C6B853 /* NLReflectionProperty.m */,
				0516C204100E008800C6B853 /* NLReflectionProtocol.m */,
				0516C205100E008800C6B853 /* NLReflectionVariable.m */,
				05DF527E1031F03A00862FA4 /* NLSystemProfiler.m */,
				0516C206100E008800C6B853 /* NLURLDownloader.m */,
				05DF536B1035A85400862FA4 /* NLView.m */,
				0516C207100E008800C6B853 /* NLWindowFader.m */,
			);
			path = classes;
			sourceTree = "<group>";
		};
		1058C7B0FEA5585E11CA2CBB /* Linked Frameworks */ = {
			isa = PBXGroup;
			children = (
				1058C7B1FEA5585E11CA2CBB /* Cocoa.framework */,
				054145490FD7519B00D6CB19 /* Security.framework */,
				05D5AB7A100DA62900832BFD /* SystemConfiguration.framework */,
				05394B40102E7404009E42E3 /* QuickLook.framework */,
			);
			name = "Linked Frameworks";
			sourceTree = "<group>";
		};
		1058C7B2FEA5585E11CA2CBB /* Other Frameworks */ = {
			isa = PBXGroup;
			children = (
				0867D6A5FE840307C02AAC07 /* AppKit.framework */,
				D2F7E79907B2D74100F64583 /* CoreData.framework */,
				0867D69BFE84028FC02AAC07 /* Foundation.framework */,
			);
			name = "Other Frameworks";
			sourceTree = "<group>";
		};
		32C88DFF0371C24200C91783 /* Other Sources */ = {
			isa = PBXGroup;
			children = (
				32DBCF5E0370ADEE00C91783 /* NutShell_Prefix.pch */,
			);
			name = "Other Sources";
			sourceTree = "<group>";
		};
/* End PBXGroup section */

/* Begin PBXHeadersBuildPhase section */
		0516C2D1100E065300C6B853 /* Headers */ = {
			isa = PBXHeadersBuildPhase;
			buildActionMask = 2147483647;
			files = (
				0516C2D2100E065300C6B853 /* NLEvent.h in Headers */,
				0516C2D3100E065300C6B853 /* NLObject.h in Headers */,
				0516C2D4100E065300C6B853 /* NLSingleton.h in Headers */,
				0516C2D5100E065300C6B853 /* NLObjectSingleton.h in Headers */,
				0516C2D6100E065300C6B853 /* NLLogger.h in Headers */,
				0516C2D7100E065300C6B853 /* NLLogMessage.h in Headers */,
				0516C2D8100E065300C6B853 /* NutShell.h in Headers */,
				0516C2D9100E065300C6B853 /* NLExecution.h in Headers */,
				0516C2DA100E065300C6B853 /* NLApplication.h in Headers */,
				0516C2DB100E065300C6B853 /* NLReflectionClass.h in Headers */,
				0516C2DC100E065300C6B853 /* NLReflectionMethod.h in Headers */,
				0516C2DD100E065300C6B853 /* NLReflectionObject.h in Headers */,
				0516C2DE100E065300C6B853 /* NLReflectionProperty.h in Headers */,
				0516C2DF100E065300C6B853 /* NLReflectionProtocol.h in Headers */,
				0516C2E0100E065300C6B853 /* NLReflectionVariable.h in Headers */,
				0516C2E1100E065300C6B853 /* NLPreferences.h in Headers */,
				0516C2E2100E065300C6B853 /* NLEventDispatcher.h in Headers */,
				0516C2E3100E065300C6B853 /* NLScrollView.h in Headers */,
				0516C2E4100E065300C6B853 /* NLTextView.h in Headers */,
				0516C2E5100E065300C6B853 /* NLKeychainItem.h in Headers */,
				0516C2E6100E065300C6B853 /* NLString.h in Headers */,
				0516C2E7100E065300C6B853 /* NLDictionary.h in Headers */,
				0516C2E8100E065300C6B853 /* NLWindowFader.h in Headers */,
				0516C2E9100E065300C6B853 /* NLMacros.h in Headers */,
				0516C2EA100E065300C6B853 /* NLInstaller.h in Headers */,
				0516C2EB100E065300C6B853 /* NutShellUI.h in Headers */,
				0516C2EC100E065300C6B853 /* NLUIInstaller.h in Headers */,
				0516C2ED100E065300C6B853 /* NLURLDownloader.h in Headers */,
				0516C2EE100E065300C6B853 /* NLUIURLDownloader.h in Headers */,
				0516C2EF100E065300C6B853 /* NLUISegmentedTabView.h in Headers */,
				0516C2F1100E065300C6B853 /* NLHostReachabilityTest.h in Headers */,
				05394B61102E7527009E42E3 /* NLImage.h in Headers */,
				05DF4E8B10316FC700862FA4 /* NLFileManager.h in Headers */,
				05DF536F1035A87A00862FA4 /* NLView.h in Headers */,
				05DF56F41035D6C400862FA4 /* NLColor.h in Headers */,
				05DF57361035D91C00862FA4 /* NLLogFunctions.h in Headers */,
				05DF57A01035DCB600862FA4 /* NLMakeFunctions.h in Headers */,
				05948CDC10375E2D00284538 /* NLDelegateChain.h in Headers */,
				059D4CF6106A81A7001FDA9D /* NLFileInfos.h in Headers */,
				05F47F6E10B00A78003AE0A2 /* NLArray.h in Headers */,
			);
			runOnlyForDeploymentPostprocessing = 0;
		};
/* End PBXHeadersBuildPhase section */

/* Begin PBXNativeTarget section */
		0516C2D0100E065300C6B853 /* NutShell (Public) */ = {
			isa = PBXNativeTarget;
			buildConfigurationList = 0516C315100E065300C6B853 /* Build configuration list for PBXNativeTarget "NutShell (Public)" */;
			buildPhases = (
				0516C2D1100E065300C6B853 /* Headers */,
				0516C2F2100E065300C6B853 /* Resources */,
				0516C2F4100E065300C6B853 /* Sources */,
				0516C311100E065300C6B853 /* Frameworks */,
			);
			buildRules = (
			);
			dependencies = (
			);
			name = "NutShell (Public)";
			productInstallPath = "$(HOME)/Library/Frameworks";
			productName = Cocos;
			productReference = 0516C319100E065300C6B853 /* NutShell.framework */;
			productType = "com.apple.product-type.framework";
		};
		8DC2EF4F0486A6940098B216 /* NutShell (Private) */ = {
			isa = PBXNativeTarget;
			buildConfigurationList = 1DEB91AD08733DA50010E9CD /* Build configuration list for PBXNativeTarget "NutShell (Private)" */;
			buildPhases = (
				8DC2EF520486A6940098B216 /* Resources */,
				8DC2EF540486A6940098B216 /* Sources */,
				8DC2EF560486A6940098B216 /* Frameworks */,
			);
			buildRules = (
			);
			dependencies = (
				050468B411B2E32B00428AAE /* PBXTargetDependency */,
			);
			name = "NutShell (Private)";
			productInstallPath = "$(HOME)/Library/Frameworks";
			productName = Cocos;
			productReference = 8DC2EF5B0486A6940098B216 /* NutShell.framework */;
			productType = "com.apple.product-type.framework";
		};
/* End PBXNativeTarget section */

/* Begin PBXProject section */
		0867D690FE84028FC02AAC07 /* Project object */ = {
			isa = PBXProject;
			buildConfigurationList = 1DEB91B108733DA50010E9CD /* Build configuration list for PBXProject "NutShell" */;
			compatibilityVersion = "Xcode 3.1";
			developmentRegion = English;
			hasScannedForEncodings = 1;
			knownRegions = (
				en,
			);
			mainGroup = 0867D691FE84028FC02AAC07 /* Cocos */;
			productRefGroup = 034768DFFF38A50411DB9C8B /* Products */;
			projectDirPath = "";
			projectRoot = "";
			targets = (
				8DC2EF4F0486A6940098B216 /* NutShell (Private) */,
				0516C2D0100E065300C6B853 /* NutShell (Public) */,
			);
		};
/* End PBXProject section */

/* Begin PBXResourcesBuildPhase section */
		0516C2F2100E065300C6B853 /* Resources */ = {
			isa = PBXResourcesBuildPhase;
			buildActionMask = 2147483647;
			files = (
				0516C2F3100E065300C6B853 /* InfoPlist.strings in Resources */,
			);
			runOnlyForDeploymentPostprocessing = 0;
		};
		8DC2EF520486A6940098B216 /* Resources */ = {
			isa = PBXResourcesBuildPhase;
			buildActionMask = 2147483647;
			files = (
				8DC2EF530486A6940098B216 /* InfoPlist.strings in Resources */,
			);
			runOnlyForDeploymentPostprocessing = 0;
		};
/* End PBXResourcesBuildPhase section */

/* Begin PBXSourcesBuildPhase section */
		0516C2F4100E065300C6B853 /* Sources */ = {
			isa = PBXSourcesBuildPhase;
			buildActionMask = 2147483647;
			files = (
				0516C2F5100E065300C6B853 /* NLEventDispatcher.m in Sources */,
				0516C2F6100E065300C6B853 /* NLScrollView.m in Sources */,
				0516C2F7100E065300C6B853 /* NLTextView.m in Sources */,
				0516C2F8100E065300C6B853 /* NLString.m in Sources */,
				0516C2F9100E065300C6B853 /* NLDictionary.m in Sources */,
				0516C2FA100E065300C6B853 /* NLUIInstaller.m in Sources */,
				0516C2FB100E065300C6B853 /* NLUIURLDownloader.m in Sources */,
				0516C2FC100E065300C6B853 /* NLUISegmentedTabView.m in Sources */,
				0516C2FE100E065300C6B853 /* NLApplication.m in Sources */,
				0516C2FF100E065300C6B853 /* NLEvent.m in Sources */,
				0516C300100E065300C6B853 /* NLExecution.m in Sources */,
				0516C301100E065300C6B853 /* NLHostReachabilityTest.m in Sources */,
				0516C302100E065300C6B853 /* NLInstaller.m in Sources */,
				0516C303100E065300C6B853 /* NLKeychainItem.m in Sources */,
				0516C304100E065300C6B853 /* NLLogger.m in Sources */,
				0516C305100E065300C6B853 /* NLLogMessage.m in Sources */,
				0516C306100E065300C6B853 /* NLObject.m in Sources */,
				0516C307100E065300C6B853 /* NLObjectSingleton.m in Sources */,
				0516C308100E065300C6B853 /* NLPreferences.m in Sources */,
				0516C309100E065300C6B853 /* NLReflectionClass.m in Sources */,
				0516C30A100E065300C6B853 /* NLReflectionMethod.m in Sources */,
				0516C30B100E065300C6B853 /* NLReflectionObject.m in Sources */,
				0516C30C100E065300C6B853 /* NLReflectionProperty.m in Sources */,
				0516C30D100E065300C6B853 /* NLReflectionProtocol.m in Sources */,
				0516C30E100E065300C6B853 /* NLReflectionVariable.m in Sources */,
				0516C30F100E065300C6B853 /* NLURLDownloader.m in Sources */,
				0516C310100E065300C6B853 /* NLWindowFader.m in Sources */,
				05394B62102E752B009E42E3 /* NLImage.m in Sources */,
				05DF4E8A10316FC300862FA4 /* NLFileManager.m in Sources */,
				05DF53701035A88100862FA4 /* NLView.m in Sources */,
				05DF56F11035D6B300862FA4 /* NLColor.m in Sources */,
				05DF57351035D91C00862FA4 /* NLLogFunctions.m in Sources */,
				05DF579D1035DCAE00862FA4 /* NLMakeFunctions.m in Sources */,
				05948CDD10375E3200284538 /* NLDelegateChain.m in Sources */,
				059D4CF4106A7CF2001FDA9D /* NLFileInfos.m in Sources */,
				05F47F7110B00AE5003AE0A2 /* NLArray.m in Sources */,
				050225FD12255C1800CC7622 /* NLSystemProfiler.m in Sources */,
			);
			runOnlyForDeploymentPostprocessing = 0;
		};
		8DC2EF540486A6940098B216 /* Sources */ = {
			isa = PBXSourcesBuildPhase;
			buildActionMask = 2147483647;
			files = (
				056997BE0FD8B03100B590DD /* NLEventDispatcher.m in Sources */,
				056997CA0FD8B07000B590DD /* NLScrollView.m in Sources */,
				0550DB600FD9993100DC5241 /* NLTextView.m in Sources */,
				05E914EA0FE3C4B6006A901B /* NLString.m in Sources */,
				05E24B8E0FE859CD00C42604 /* NLDictionary.m in Sources */,
				0522984B10030C960033A3B9 /* NLUIInstaller.m in Sources */,
				052298C310031B540033A3B9 /* NLUIURLDownloader.m in Sources */,
				0552BB4A100829A900F0B59F /* NLUISegmentedTabView.m in Sources */,
				0516C208100E008800C6B853 /* NLApplication.m in Sources */,
				0516C209100E008800C6B853 /* NLEvent.m in Sources */,
				0516C20A100E008800C6B853 /* NLExecution.m in Sources */,
				0516C20B100E008800C6B853 /* NLHostReachabilityTest.m in Sources */,
				0516C20C100E008800C6B853 /* NLInstaller.m in Sources */,
				0516C20D100E008800C6B853 /* NLKeychainItem.m in Sources */,
				0516C20E100E008800C6B853 /* NLLogger.m in Sources */,
				0516C20F100E008800C6B853 /* NLLogMessage.m in Sources */,
				0516C210100E008800C6B853 /* NLObject.m in Sources */,
				0516C211100E008800C6B853 /* NLObjectSingleton.m in Sources */,
				0516C212100E008800C6B853 /* NLPreferences.m in Sources */,
				0516C213100E008800C6B853 /* NLReflectionClass.m in Sources */,
				0516C214100E008800C6B853 /* NLReflectionMethod.m in Sources */,
				0516C215100E008800C6B853 /* NLReflectionObject.m in Sources */,
				0516C216100E008800C6B853 /* NLReflectionProperty.m in Sources */,
				0516C217100E008800C6B853 /* NLReflectionProtocol.m in Sources */,
				0516C218100E008800C6B853 /* NLReflectionVariable.m in Sources */,
				0516C219100E008800C6B853 /* NLURLDownloader.m in Sources */,
				0516C21A100E008800C6B853 /* NLWindowFader.m in Sources */,
				05394B34102E72CE009E42E3 /* NLImage.m in Sources */,
				05DF4E8910316FBC00862FA4 /* NLFileManager.m in Sources */,
				05DF527F1031F03A00862FA4 /* NLSystemProfiler.m in Sources */,
				05DF536C1035A85400862FA4 /* NLView.m in Sources */,
				05DF56F01035D6B300862FA4 /* NLColor.m in Sources */,
				05DF57331035D91C00862FA4 /* NLLogFunctions.m in Sources */,
				05DF579C1035DCAE00862FA4 /* NLMakeFunctions.m in Sources */,
				05948CB1103758F900284538 /* NLDelegateChain.m in Sources */,
				059D4CF3106A7CF2001FDA9D /* NLFileInfos.m in Sources */,
				05F47F7210B00AE5003AE0A2 /* NLArray.m in Sources */,
			);
			runOnlyForDeploymentPostprocessing = 0;
		};
/* End PBXSourcesBuildPhase section */

/* Begin PBXTargetDependency section */
		050468B411B2E32B00428AAE /* PBXTargetDependency */ = {
			isa = PBXTargetDependency;
			target = 0516C2D0100E065300C6B853 /* NutShell (Public) */;
			targetProxy = 050468B311B2E32B00428AAE /* PBXContainerItemProxy */;
		};
/* End PBXTargetDependency section */

/* Begin PBXVariantGroup section */
		089C1666FE841158C02AAC07 /* InfoPlist.strings */ = {
			isa = PBXVariantGroup;
			children = (
				089C1667FE841158C02AAC07 /* English */,
			);
			name = InfoPlist.strings;
			sourceTree = "<group>";
		};
/* End PBXVariantGroup section */

/* Begin XCBuildConfiguration section */
		0516C316100E065300C6B853 /* Debug */ = {
			isa = XCBuildConfiguration;
			buildSettings = {
				ALWAYS_SEARCH_USER_PATHS = NO;
				CONFIGURATION_BUILD_DIR = "$(BUILD_DIR)/$(CONFIGURATION)$(EFFECTIVE_PLATFORM_NAME)/Public";
				DYLIB_COMPATIBILITY_VERSION = 1;
				DYLIB_CURRENT_VERSION = 1;
				FRAMEWORK_VERSION = 0.1;
				GCC_ENABLE_FIX_AND_CONTINUE = YES;
				GCC_PRECOMPILE_PREFIX_HEADER = YES;
				GCC_PREFIX_HEADER = NutShell_Prefix.pch;
				INFOPLIST_FILE = Info.plist;
				INSTALL_PATH = /Library/Frameworks;
				PRODUCT_NAME = NutShell;
				STRIP_STYLE = all;
				WRAPPER_EXTENSION = framework;
			};
			name = Debug;
		};
		0516C317100E065300C6B853 /* Release */ = {
			isa = XCBuildConfiguration;
			buildSettings = {
				ALWAYS_SEARCH_USER_PATHS = NO;
				CONFIGURATION_BUILD_DIR = "$(BUILD_DIR)/$(CONFIGURATION)$(EFFECTIVE_PLATFORM_NAME)/Public";
				DEBUG_INFORMATION_FORMAT = dwarf;
				DEPLOYMENT_POSTPROCESSING = YES;
				DSTROOT = /;
				DYLIB_COMPATIBILITY_VERSION = 1;
				DYLIB_CURRENT_VERSION = 1;
				FRAMEWORK_VERSION = 0.1;
				GCC_PRECOMPILE_PREFIX_HEADER = YES;
				GCC_PREFIX_HEADER = NutShell_Prefix.pch;
				INFOPLIST_FILE = Info.plist;
				INSTALL_PATH = /Library/Frameworks;
				PRODUCT_NAME = NutShell;
				STRIP_STYLE = all;
				WRAPPER_EXTENSION = framework;
			};
			name = Release;
		};
		1DEB91AE08733DA50010E9CD /* Debug */ = {
			isa = XCBuildConfiguration;
			buildSettings = {
				ALWAYS_SEARCH_USER_PATHS = NO;
				CONFIGURATION_BUILD_DIR = "$(BUILD_DIR)/$(CONFIGURATION)$(EFFECTIVE_PLATFORM_NAME)/Private";
				DYLIB_COMPATIBILITY_VERSION = 1;
				DYLIB_CURRENT_VERSION = 1;
				FRAMEWORK_VERSION = 0.1;
				GCC_ENABLE_FIX_AND_CONTINUE = YES;
				GCC_PRECOMPILE_PREFIX_HEADER = YES;
				GCC_PREFIX_HEADER = NutShell_Prefix.pch;
				INFOPLIST_FILE = Info.plist;
				INSTALL_PATH = /Library/Frameworks;
				PRODUCT_NAME = NutShell;
				STRIP_STYLE = all;
				WRAPPER_EXTENSION = framework;
			};
			name = Debug;
		};
		1DEB91AF08733DA50010E9CD /* Release */ = {
			isa = XCBuildConfiguration;
			buildSettings = {
				ALWAYS_SEARCH_USER_PATHS = NO;
				CONFIGURATION_BUILD_DIR = "$(BUILD_DIR)/$(CONFIGURATION)$(EFFECTIVE_PLATFORM_NAME)/Private";
				DEBUG_INFORMATION_FORMAT = dwarf;
				DSTROOT = /;
				DYLIB_COMPATIBILITY_VERSION = 1;
				DYLIB_CURRENT_VERSION = 1;
				FRAMEWORK_VERSION = 0.1;
				GCC_PRECOMPILE_PREFIX_HEADER = YES;
				GCC_PREFIX_HEADER = NutShell_Prefix.pch;
				INFOPLIST_FILE = Info.plist;
				INSTALL_PATH = "@executable_path/../Frameworks";
				PRODUCT_NAME = NutShell;
				SKIP_INSTALL = YES;
				STRIP_STYLE = all;
				WRAPPER_EXTENSION = framework;
			};
			name = Release;
		};
		1DEB91B208733DA50010E9CD /* Debug */ = {
			isa = XCBuildConfiguration;
			buildSettings = {
				ARCHS = "$(ARCHS_STANDARD_32_64_BIT)";
				COPY_PHASE_STRIP = NO;
				DEPLOYMENT_LOCATION = NO;
				GCC_C_LANGUAGE_STANDARD = c99;
				GCC_INLINES_ARE_PRIVATE_EXTERN = YES;
				GCC_MODEL_TUNING = G5;
				GCC_TREAT_IMPLICIT_FUNCTION_DECLARATIONS_AS_ERRORS = YES;
				GCC_TREAT_NONCONFORMANT_CODE_ERRORS_AS_WARNINGS = NO;
				GCC_TREAT_WARNINGS_AS_ERRORS = YES;
				GCC_WARN_64_TO_32_BIT_CONVERSION = YES;
				GCC_WARN_ABOUT_GLOBAL_CONSTRUCTORS = YES;
				GCC_WARN_ABOUT_MISSING_FIELD_INITIALIZERS = YES;
				GCC_WARN_ABOUT_MISSING_NEWLINE = YES;
				GCC_WARN_ABOUT_MISSING_PROTOTYPES = YES;
				GCC_WARN_ABOUT_RETURN_TYPE = YES;
				GCC_WARN_CHECK_SWITCH_STATEMENTS = YES;
				GCC_WARN_EFFECTIVE_CPLUSPLUS_VIOLATIONS = YES;
				GCC_WARN_FOUR_CHARACTER_CONSTANTS = YES;
				GCC_WARN_HIDDEN_VIRTUAL_FUNCTIONS = YES;
				GCC_WARN_INITIALIZER_NOT_FULLY_BRACKETED = YES;
				GCC_WARN_MISSING_PARENTHESES = YES;
				GCC_WARN_MULTIPLE_DEFINITION_TYPES_FOR_SELECTOR = NO;
				GCC_WARN_NON_VIRTUAL_DESTRUCTOR = YES;
				GCC_WARN_PEDANTIC = YES;
				GCC_WARN_PROTOTYPE_CONVERSION = NO;
				GCC_WARN_SHADOW = YES;
				GCC_WARN_SIGN_COMPARE = YES;
				GCC_WARN_STRICT_SELECTOR_MATCH = YES;
				GCC_WARN_TYPECHECK_CALLS_TO_PRINTF = YES;
				GCC_WARN_UNDECLARED_SELECTOR = YES;
				GCC_WARN_UNINITIALIZED_AUTOS = NO;
				GCC_WARN_UNKNOWN_PRAGMAS = YES;
				GCC_WARN_UNUSED_FUNCTION = YES;
				GCC_WARN_UNUSED_LABEL = YES;
				GCC_WARN_UNUSED_PARAMETER = YES;
				GCC_WARN_UNUSED_VALUE = YES;
				GCC_WARN_UNUSED_VARIABLE = YES;
				MACOSX_DEPLOYMENT_TARGET = 10.5;
				ONLY_ACTIVE_ARCH = NO;
				PREBINDING = NO;
				SDKROOT = macosx10.5;
				WARNING_CFLAGS = (
					"-Wall",
					"-Wextra",
					"-Werror",
					"-Wbad-function-cast",
					"-Wmissing-declarations",
					"-Wmissing-prototypes",
					"-Wnested-externs",
					"-Wold-style-definition",
					"-Wstrict-prototypes",
					"-Wdeclaration-after-statement",
				);
			};
			name = Debug;
		};
		1DEB91B308733DA50010E9CD /* Release */ = {
			isa = XCBuildConfiguration;
			buildSettings = {
				ARCHS = "$(ARCHS_STANDARD_32_64_BIT)";
				DEPLOYMENT_LOCATION = YES;
				DEPLOYMENT_POSTPROCESSING = YES;
				GCC_C_LANGUAGE_STANDARD = c99;
				GCC_GENERATE_DEBUGGING_SYMBOLS = NO;
				GCC_INLINES_ARE_PRIVATE_EXTERN = YES;
				GCC_MODEL_TUNING = G5;
				GCC_TREAT_IMPLICIT_FUNCTION_DECLARATIONS_AS_ERRORS = YES;
				GCC_TREAT_WARNINGS_AS_ERRORS = YES;
				GCC_WARN_64_TO_32_BIT_CONVERSION = YES;
				GCC_WARN_ABOUT_GLOBAL_CONSTRUCTORS = YES;
				GCC_WARN_ABOUT_MISSING_FIELD_INITIALIZERS = YES;
				GCC_WARN_ABOUT_MISSING_NEWLINE = YES;
				GCC_WARN_ABOUT_MISSING_PROTOTYPES = YES;
				GCC_WARN_ABOUT_RETURN_TYPE = YES;
				GCC_WARN_CHECK_SWITCH_STATEMENTS = YES;
				GCC_WARN_EFFECTIVE_CPLUSPLUS_VIOLATIONS = YES;
				GCC_WARN_FOUR_CHARACTER_CONSTANTS = YES;
				GCC_WARN_HIDDEN_VIRTUAL_FUNCTIONS = YES;
				GCC_WARN_INITIALIZER_NOT_FULLY_BRACKETED = YES;
				GCC_WARN_MISSING_PARENTHESES = YES;
				GCC_WARN_MULTIPLE_DEFINITION_TYPES_FOR_SELECTOR = NO;
				GCC_WARN_NON_VIRTUAL_DESTRUCTOR = YES;
				GCC_WARN_PEDANTIC = YES;
				GCC_WARN_PROTOTYPE_CONVERSION = NO;
				GCC_WARN_SHADOW = YES;
				GCC_WARN_SIGN_COMPARE = YES;
				GCC_WARN_STRICT_SELECTOR_MATCH = YES;
				GCC_WARN_TYPECHECK_CALLS_TO_PRINTF = YES;
				GCC_WARN_UNDECLARED_SELECTOR = YES;
				GCC_WARN_UNINITIALIZED_AUTOS = NO;
				GCC_WARN_UNKNOWN_PRAGMAS = YES;
				GCC_WARN_UNUSED_FUNCTION = YES;
				GCC_WARN_UNUSED_LABEL = YES;
				GCC_WARN_UNUSED_PARAMETER = YES;
				GCC_WARN_UNUSED_VALUE = YES;
				GCC_WARN_UNUSED_VARIABLE = YES;
				INSTALL_PATH = "";
				MACOSX_DEPLOYMENT_TARGET = 10.5;
				ONLY_ACTIVE_ARCH = NO;
				PREBINDING = NO;
				PRECOMPS_INCLUDE_HEADERS_FROM_BUILT_PRODUCTS_DIR = YES;
				SDKROOT = macosx10.5;
				SEPARATE_STRIP = YES;
				WARNING_CFLAGS = (
					"-Wall",
					"-Wextra",
					"-Werror",
					"-Wbad-function-cast",
					"-Wmissing-declarations",
					"-Wmissing-prototypes",
					"-Wnested-externs",
					"-Wold-style-definition",
					"-Wstrict-prototypes",
					"-Wdeclaration-after-statement",
				);
			};
			name = Release;
		};
/* End XCBuildConfiguration section */

/* Begin XCConfigurationList section */
		0516C315100E065300C6B853 /* Build configuration list for PBXNativeTarget "NutShell (Public)" */ = {
			isa = XCConfigurationList;
			buildConfigurations = (
				0516C316100E065300C6B853 /* Debug */,
				0516C317100E065300C6B853 /* Release */,
			);
			defaultConfigurationIsVisible = 0;
			defaultConfigurationName = Release;
		};
		1DEB91AD08733DA50010E9CD /* Build configuration list for PBXNativeTarget "NutShell (Private)" */ = {
			isa = XCConfigurationList;
			buildConfigurations = (
				1DEB91AE08733DA50010E9CD /* Debug */,
				1DEB91AF08733DA50010E9CD /* Release */,
			);
			defaultConfigurationIsVisible = 0;
			defaultConfigurationName = Release;
		};
		1DEB91B108733DA50010E9CD /* Build configuration list for PBXProject "NutShell" */ = {
			isa = XCConfigurationList;
			buildConfigurations = (
				1DEB91B208733DA50010E9CD /* Debug */,
				1DEB91B308733DA50010E9CD /* Release */,
			);
			defaultConfigurationIsVisible = 0;
			defaultConfigurationName = Release;
		};
/* End XCConfigurationList section */
	};
	rootObject = 0867D690FE84028FC02AAC07 /* Project object */;
}
