// !$*UTF8*$!
{
	archiveVersion = 1;
	classes = {
	};
	objectVersion = 45;
	objects = {

/* Begin PBXBuildFile section */
		0541454A0FD7519B00D6CB19 /* Security.framework in Frameworks */ = {isa = PBXBuildFile; fileRef = 054145490FD7519B00D6CB19 /* Security.framework */; };
		055C80B90FD73D630097C170 /* MMObject.m in Sources */ = {isa = PBXBuildFile; fileRef = 055C80B80FD73D630097C170 /* MMObject.m */; };
		055C80E80FD7435C0097C170 /* MMEvent.h in Headers */ = {isa = PBXBuildFile; fileRef = 055C80E50FD7435C0097C170 /* MMEvent.h */; settings = {ATTRIBUTES = (Public, ); }; };
		055C80E90FD7435C0097C170 /* MMEventDispatcher.h in Headers */ = {isa = PBXBuildFile; fileRef = 055C80E60FD7435C0097C170 /* MMEventDispatcher.h */; settings = {ATTRIBUTES = (Public, ); }; };
		055C80EA0FD7435C0097C170 /* MMObject.h in Headers */ = {isa = PBXBuildFile; fileRef = 055C80E70FD7435C0097C170 /* MMObject.h */; settings = {ATTRIBUTES = (Public, ); }; };
		055C80F70FD745300097C170 /* MMSingleton.h in Headers */ = {isa = PBXBuildFile; fileRef = 055C80F60FD745300097C170 /* MMSingleton.h */; settings = {ATTRIBUTES = (Public, ); }; };
		055C80F90FD745410097C170 /* MMObjectSingleton.m in Sources */ = {isa = PBXBuildFile; fileRef = 055C80F80FD745410097C170 /* MMObjectSingleton.m */; };
		055C80FB0FD7454B0097C170 /* MMObjectSingleton.h in Headers */ = {isa = PBXBuildFile; fileRef = 055C80FA0FD7454B0097C170 /* MMObjectSingleton.h */; settings = {ATTRIBUTES = (Public, ); }; };
		055C81010FD746240097C170 /* MMLogger.h in Headers */ = {isa = PBXBuildFile; fileRef = 055C80FF0FD746240097C170 /* MMLogger.h */; settings = {ATTRIBUTES = (Public, ); }; };
		055C81020FD746240097C170 /* MMLogMessage.h in Headers */ = {isa = PBXBuildFile; fileRef = 055C81000FD746240097C170 /* MMLogMessage.h */; settings = {ATTRIBUTES = (Public, ); }; };
		055C81050FD746330097C170 /* MMLogger.m in Sources */ = {isa = PBXBuildFile; fileRef = 055C81030FD746330097C170 /* MMLogger.m */; };
		055C81060FD746330097C170 /* MMLogMessage.m in Sources */ = {isa = PBXBuildFile; fileRef = 055C81040FD746330097C170 /* MMLogMessage.m */; };
		055C81610FD749F40097C170 /* Macmade.h in Headers */ = {isa = PBXBuildFile; fileRef = 055C81600FD749F40097C170 /* Macmade.h */; settings = {ATTRIBUTES = (Public, ); }; };
		055C81A40FD74CE80097C170 /* MMExecution.h in Headers */ = {isa = PBXBuildFile; fileRef = 055C81A30FD74CE80097C170 /* MMExecution.h */; settings = {ATTRIBUTES = (Public, ); }; };
		055C81A60FD74CF60097C170 /* MMExecution.m in Sources */ = {isa = PBXBuildFile; fileRef = 055C81A50FD74CF60097C170 /* MMExecution.m */; };
		055C81B20FD74E970097C170 /* MMApplication.m in Sources */ = {isa = PBXBuildFile; fileRef = 055C819D0FD74C280097C170 /* MMApplication.m */; };
		055C81B30FD74E980097C170 /* MMApplication.h in Headers */ = {isa = PBXBuildFile; fileRef = 055C81990FD74BED0097C170 /* MMApplication.h */; settings = {ATTRIBUTES = (Public, ); }; };
		05E9A0740FD73BAA00F2E8B0 /* MMEvent.m in Sources */ = {isa = PBXBuildFile; fileRef = 05E9A0700FD73BAA00F2E8B0 /* MMEvent.m */; };
		05E9A0750FD73BAA00F2E8B0 /* MMEventDispatcher.m in Sources */ = {isa = PBXBuildFile; fileRef = 05E9A0710FD73BAA00F2E8B0 /* MMEventDispatcher.m */; };
		8DC2EF530486A6940098B216 /* InfoPlist.strings in Resources */ = {isa = PBXBuildFile; fileRef = 089C1666FE841158C02AAC07 /* InfoPlist.strings */; };
		8DC2EF570486A6940098B216 /* Cocoa.framework in Frameworks */ = {isa = PBXBuildFile; fileRef = 1058C7B1FEA5585E11CA2CBB /* Cocoa.framework */; };
/* End PBXBuildFile section */

/* Begin PBXFileReference section */
		054145490FD7519B00D6CB19 /* Security.framework */ = {isa = PBXFileReference; lastKnownFileType = wrapper.framework; name = Security.framework; path = /System/Library/Frameworks/Security.framework; sourceTree = "<absolute>"; };
		055C80B80FD73D630097C170 /* MMObject.m */ = {isa = PBXFileReference; fileEncoding = 4; lastKnownFileType = sourcecode.c.objc; name = MMObject.m; path = classes/MMObject.m; sourceTree = "<group>"; };
		055C80E50FD7435C0097C170 /* MMEvent.h */ = {isa = PBXFileReference; fileEncoding = 4; lastKnownFileType = sourcecode.c.h; path = MMEvent.h; sourceTree = "<group>"; };
		055C80E60FD7435C0097C170 /* MMEventDispatcher.h */ = {isa = PBXFileReference; fileEncoding = 4; lastKnownFileType = sourcecode.c.h; path = MMEventDispatcher.h; sourceTree = "<group>"; };
		055C80E70FD7435C0097C170 /* MMObject.h */ = {isa = PBXFileReference; fileEncoding = 4; lastKnownFileType = sourcecode.c.h; path = MMObject.h; sourceTree = "<group>"; };
		055C80F60FD745300097C170 /* MMSingleton.h */ = {isa = PBXFileReference; fileEncoding = 4; lastKnownFileType = sourcecode.c.h; path = MMSingleton.h; sourceTree = "<group>"; };
		055C80F80FD745410097C170 /* MMObjectSingleton.m */ = {isa = PBXFileReference; fileEncoding = 4; lastKnownFileType = sourcecode.c.objc; name = MMObjectSingleton.m; path = classes/MMObjectSingleton.m; sourceTree = "<group>"; };
		055C80FA0FD7454B0097C170 /* MMObjectSingleton.h */ = {isa = PBXFileReference; fileEncoding = 4; lastKnownFileType = sourcecode.c.h; path = MMObjectSingleton.h; sourceTree = "<group>"; };
		055C80FF0FD746240097C170 /* MMLogger.h */ = {isa = PBXFileReference; fileEncoding = 4; lastKnownFileType = sourcecode.c.h; path = MMLogger.h; sourceTree = "<group>"; };
		055C81000FD746240097C170 /* MMLogMessage.h */ = {isa = PBXFileReference; fileEncoding = 4; lastKnownFileType = sourcecode.c.h; path = MMLogMessage.h; sourceTree = "<group>"; };
		055C81030FD746330097C170 /* MMLogger.m */ = {isa = PBXFileReference; fileEncoding = 4; lastKnownFileType = sourcecode.c.objc; name = MMLogger.m; path = classes/MMLogger.m; sourceTree = "<group>"; };
		055C81040FD746330097C170 /* MMLogMessage.m */ = {isa = PBXFileReference; fileEncoding = 4; lastKnownFileType = sourcecode.c.objc; name = MMLogMessage.m; path = classes/MMLogMessage.m; sourceTree = "<group>"; };
		055C81600FD749F40097C170 /* Macmade.h */ = {isa = PBXFileReference; fileEncoding = 4; lastKnownFileType = sourcecode.c.h; path = Macmade.h; sourceTree = "<group>"; };
		055C81990FD74BED0097C170 /* MMApplication.h */ = {isa = PBXFileReference; fileEncoding = 4; lastKnownFileType = sourcecode.c.h; path = MMApplication.h; sourceTree = "<group>"; };
		055C819D0FD74C280097C170 /* MMApplication.m */ = {isa = PBXFileReference; fileEncoding = 4; lastKnownFileType = sourcecode.c.objc; name = MMApplication.m; path = classes/MMApplication.m; sourceTree = "<group>"; };
		055C81A30FD74CE80097C170 /* MMExecution.h */ = {isa = PBXFileReference; fileEncoding = 4; lastKnownFileType = sourcecode.c.h; path = MMExecution.h; sourceTree = "<group>"; };
		055C81A50FD74CF60097C170 /* MMExecution.m */ = {isa = PBXFileReference; fileEncoding = 4; lastKnownFileType = sourcecode.c.objc; name = MMExecution.m; path = classes/MMExecution.m; sourceTree = "<group>"; };
		05E9A0700FD73BAA00F2E8B0 /* MMEvent.m */ = {isa = PBXFileReference; fileEncoding = 4; lastKnownFileType = sourcecode.c.objc; name = MMEvent.m; path = classes/MMEvent.m; sourceTree = "<group>"; };
		05E9A0710FD73BAA00F2E8B0 /* MMEventDispatcher.m */ = {isa = PBXFileReference; fileEncoding = 4; lastKnownFileType = sourcecode.c.objc; name = MMEventDispatcher.m; path = classes/MMEventDispatcher.m; sourceTree = "<group>"; };
		0867D69BFE84028FC02AAC07 /* Foundation.framework */ = {isa = PBXFileReference; lastKnownFileType = wrapper.framework; name = Foundation.framework; path = /System/Library/Frameworks/Foundation.framework; sourceTree = "<absolute>"; };
		0867D6A5FE840307C02AAC07 /* AppKit.framework */ = {isa = PBXFileReference; lastKnownFileType = wrapper.framework; name = AppKit.framework; path = /System/Library/Frameworks/AppKit.framework; sourceTree = "<absolute>"; };
		089C1667FE841158C02AAC07 /* English */ = {isa = PBXFileReference; fileEncoding = 10; lastKnownFileType = text.plist.strings; name = English; path = English.lproj/InfoPlist.strings; sourceTree = "<group>"; };
		1058C7B1FEA5585E11CA2CBB /* Cocoa.framework */ = {isa = PBXFileReference; lastKnownFileType = wrapper.framework; name = Cocoa.framework; path = /System/Library/Frameworks/Cocoa.framework; sourceTree = "<absolute>"; };
		32DBCF5E0370ADEE00C91783 /* Macmade_Prefix.pch */ = {isa = PBXFileReference; fileEncoding = 4; lastKnownFileType = sourcecode.c.h; path = Macmade_Prefix.pch; sourceTree = "<group>"; };
		8DC2EF5A0486A6940098B216 /* Info.plist */ = {isa = PBXFileReference; fileEncoding = 4; lastKnownFileType = text.plist.xml; path = Info.plist; sourceTree = "<group>"; };
		8DC2EF5B0486A6940098B216 /* Macmade.framework */ = {isa = PBXFileReference; explicitFileType = wrapper.framework; includeInIndex = 0; path = Macmade.framework; sourceTree = BUILT_PRODUCTS_DIR; };
		D2F7E79907B2D74100F64583 /* CoreData.framework */ = {isa = PBXFileReference; lastKnownFileType = wrapper.framework; name = CoreData.framework; path = /System/Library/Frameworks/CoreData.framework; sourceTree = "<absolute>"; };
/* End PBXFileReference section */

/* Begin PBXFrameworksBuildPhase section */
		8DC2EF560486A6940098B216 /* Frameworks */ = {
			isa = PBXFrameworksBuildPhase;
			buildActionMask = 2147483647;
			files = (
				8DC2EF570486A6940098B216 /* Cocoa.framework in Frameworks */,
				0541454A0FD7519B00D6CB19 /* Security.framework in Frameworks */,
			);
			runOnlyForDeploymentPostprocessing = 0;
		};
/* End PBXFrameworksBuildPhase section */

/* Begin PBXGroup section */
		034768DFFF38A50411DB9C8B /* Products */ = {
			isa = PBXGroup;
			children = (
				8DC2EF5B0486A6940098B216 /* Macmade.framework */,
			);
			name = Products;
			sourceTree = "<group>";
		};
		055C80E00FD742880097C170 /* protocols */ = {
			isa = PBXGroup;
			children = (
				055C80F60FD745300097C170 /* MMSingleton.h */,
			);
			name = protocols;
			path = classes/protocols;
			sourceTree = "<group>";
		};
		055C80E40FD7435C0097C170 /* include */ = {
			isa = PBXGroup;
			children = (
				055C81600FD749F40097C170 /* Macmade.h */,
				055C81990FD74BED0097C170 /* MMApplication.h */,
				055C81A30FD74CE80097C170 /* MMExecution.h */,
				055C80E50FD7435C0097C170 /* MMEvent.h */,
				055C80E60FD7435C0097C170 /* MMEventDispatcher.h */,
				055C80FF0FD746240097C170 /* MMLogger.h */,
				055C81000FD746240097C170 /* MMLogMessage.h */,
				055C80E70FD7435C0097C170 /* MMObject.h */,
				055C80FA0FD7454B0097C170 /* MMObjectSingleton.h */,
			);
			name = include;
			path = classes/include;
			sourceTree = "<group>";
		};
		0867D691FE84028FC02AAC07 /* Macmade */ = {
			isa = PBXGroup;
			children = (
				08FB77AEFE84172EC02AAC07 /* Classes */,
				32C88DFF0371C24200C91783 /* Other Sources */,
				089C1665FE841158C02AAC07 /* Resources */,
				0867D69AFE84028FC02AAC07 /* External Frameworks and Libraries */,
				034768DFFF38A50411DB9C8B /* Products */,
			);
			name = Macmade;
			sourceTree = "<group>";
		};
		0867D69AFE84028FC02AAC07 /* External Frameworks and Libraries */ = {
			isa = PBXGroup;
			children = (
				054145490FD7519B00D6CB19 /* Security.framework */,
				1058C7B0FEA5585E11CA2CBB /* Linked Frameworks */,
				1058C7B2FEA5585E11CA2CBB /* Other Frameworks */,
			);
			name = "External Frameworks and Libraries";
			sourceTree = "<group>";
		};
		089C1665FE841158C02AAC07 /* Resources */ = {
			isa = PBXGroup;
			children = (
				8DC2EF5A0486A6940098B216 /* Info.plist */,
				089C1666FE841158C02AAC07 /* InfoPlist.strings */,
			);
			name = Resources;
			sourceTree = "<group>";
		};
		08FB77AEFE84172EC02AAC07 /* Classes */ = {
			isa = PBXGroup;
			children = (
				055C80E40FD7435C0097C170 /* include */,
				055C80E00FD742880097C170 /* protocols */,
				055C819D0FD74C280097C170 /* MMApplication.m */,
				055C81A50FD74CF60097C170 /* MMExecution.m */,
				05E9A0700FD73BAA00F2E8B0 /* MMEvent.m */,
				05E9A0710FD73BAA00F2E8B0 /* MMEventDispatcher.m */,
				055C81030FD746330097C170 /* MMLogger.m */,
				055C81040FD746330097C170 /* MMLogMessage.m */,
				055C80B80FD73D630097C170 /* MMObject.m */,
				055C80F80FD745410097C170 /* MMObjectSingleton.m */,
			);
			name = Classes;
			sourceTree = "<group>";
		};
		1058C7B0FEA5585E11CA2CBB /* Linked Frameworks */ = {
			isa = PBXGroup;
			children = (
				1058C7B1FEA5585E11CA2CBB /* Cocoa.framework */,
			);
			name = "Linked Frameworks";
			sourceTree = "<group>";
		};
		1058C7B2FEA5585E11CA2CBB /* Other Frameworks */ = {
			isa = PBXGroup;
			children = (
				0867D6A5FE840307C02AAC07 /* AppKit.framework */,
				D2F7E79907B2D74100F64583 /* CoreData.framework */,
				0867D69BFE84028FC02AAC07 /* Foundation.framework */,
			);
			name = "Other Frameworks";
			sourceTree = "<group>";
		};
		32C88DFF0371C24200C91783 /* Other Sources */ = {
			isa = PBXGroup;
			children = (
				32DBCF5E0370ADEE00C91783 /* Macmade_Prefix.pch */,
			);
			name = "Other Sources";
			sourceTree = "<group>";
		};
/* End PBXGroup section */

/* Begin PBXHeadersBuildPhase section */
		8DC2EF500486A6940098B216 /* Headers */ = {
			isa = PBXHeadersBuildPhase;
			buildActionMask = 2147483647;
			files = (
				055C80E80FD7435C0097C170 /* MMEvent.h in Headers */,
				055C80E90FD7435C0097C170 /* MMEventDispatcher.h in Headers */,
				055C80EA0FD7435C0097C170 /* MMObject.h in Headers */,
				055C80F70FD745300097C170 /* MMSingleton.h in Headers */,
				055C80FB0FD7454B0097C170 /* MMObjectSingleton.h in Headers */,
				055C81010FD746240097C170 /* MMLogger.h in Headers */,
				055C81020FD746240097C170 /* MMLogMessage.h in Headers */,
				055C81610FD749F40097C170 /* Macmade.h in Headers */,
				055C81A40FD74CE80097C170 /* MMExecution.h in Headers */,
				055C81B30FD74E980097C170 /* MMApplication.h in Headers */,
			);
			runOnlyForDeploymentPostprocessing = 0;
		};
/* End PBXHeadersBuildPhase section */

/* Begin PBXNativeTarget section */
		8DC2EF4F0486A6940098B216 /* Macmade */ = {
			isa = PBXNativeTarget;
			buildConfigurationList = 1DEB91AD08733DA50010E9CD /* Build configuration list for PBXNativeTarget "Macmade" */;
			buildPhases = (
				8DC2EF500486A6940098B216 /* Headers */,
				8DC2EF520486A6940098B216 /* Resources */,
				8DC2EF540486A6940098B216 /* Sources */,
				8DC2EF560486A6940098B216 /* Frameworks */,
			);
			buildRules = (
			);
			dependencies = (
			);
			name = Macmade;
			productInstallPath = "$(HOME)/Library/Frameworks";
			productName = Macmade;
			productReference = 8DC2EF5B0486A6940098B216 /* Macmade.framework */;
			productType = "com.apple.product-type.framework";
		};
/* End PBXNativeTarget section */

/* Begin PBXProject section */
		0867D690FE84028FC02AAC07 /* Project object */ = {
			isa = PBXProject;
			buildConfigurationList = 1DEB91B108733DA50010E9CD /* Build configuration list for PBXProject "Macmade" */;
			compatibilityVersion = "Xcode 3.1";
			hasScannedForEncodings = 1;
			mainGroup = 0867D691FE84028FC02AAC07 /* Macmade */;
			productRefGroup = 034768DFFF38A50411DB9C8B /* Products */;
			projectDirPath = "";
			projectRoot = "";
			targets = (
				8DC2EF4F0486A6940098B216 /* Macmade */,
			);
		};
/* End PBXProject section */

/* Begin PBXResourcesBuildPhase section */
		8DC2EF520486A6940098B216 /* Resources */ = {
			isa = PBXResourcesBuildPhase;
			buildActionMask = 2147483647;
			files = (
				8DC2EF530486A6940098B216 /* InfoPlist.strings in Resources */,
			);
			runOnlyForDeploymentPostprocessing = 0;
		};
/* End PBXResourcesBuildPhase section */

/* Begin PBXSourcesBuildPhase section */
		8DC2EF540486A6940098B216 /* Sources */ = {
			isa = PBXSourcesBuildPhase;
			buildActionMask = 2147483647;
			files = (
				05E9A0740FD73BAA00F2E8B0 /* MMEvent.m in Sources */,
				05E9A0750FD73BAA00F2E8B0 /* MMEventDispatcher.m in Sources */,
				055C80B90FD73D630097C170 /* MMObject.m in Sources */,
				055C80F90FD745410097C170 /* MMObjectSingleton.m in Sources */,
				055C81050FD746330097C170 /* MMLogger.m in Sources */,
				055C81060FD746330097C170 /* MMLogMessage.m in Sources */,
				055C81A60FD74CF60097C170 /* MMExecution.m in Sources */,
				055C81B20FD74E970097C170 /* MMApplication.m in Sources */,
			);
			runOnlyForDeploymentPostprocessing = 0;
		};
/* End PBXSourcesBuildPhase section */

/* Begin PBXVariantGroup section */
		089C1666FE841158C02AAC07 /* InfoPlist.strings */ = {
			isa = PBXVariantGroup;
			children = (
				089C1667FE841158C02AAC07 /* English */,
			);
			name = InfoPlist.strings;
			sourceTree = "<group>";
		};
/* End PBXVariantGroup section */

/* Begin XCBuildConfiguration section */
		1DEB91AE08733DA50010E9CD /* Debug */ = {
			isa = XCBuildConfiguration;
			buildSettings = {
				ALWAYS_SEARCH_USER_PATHS = NO;
				COPY_PHASE_STRIP = NO;
				DYLIB_COMPATIBILITY_VERSION = 1;
				DYLIB_CURRENT_VERSION = 1;
				FRAMEWORK_VERSION = 1.0;
				GCC_DYNAMIC_NO_PIC = NO;
				GCC_ENABLE_FIX_AND_CONTINUE = YES;
				GCC_MODEL_TUNING = G5;
				GCC_OPTIMIZATION_LEVEL = 0;
				GCC_PRECOMPILE_PREFIX_HEADER = YES;
				GCC_PREFIX_HEADER = Macmade_Prefix.pch;
				INFOPLIST_FILE = Info.plist;
				INSTALL_PATH = /Library/Frameworks;
				PRODUCT_NAME = Macmade;
				WRAPPER_EXTENSION = framework;
			};
			name = Debug;
		};
		1DEB91AF08733DA50010E9CD /* Release */ = {
			isa = XCBuildConfiguration;
			buildSettings = {
				ALWAYS_SEARCH_USER_PATHS = NO;
				DEBUG_INFORMATION_FORMAT = "dwarf-with-dsym";
				DEPLOYMENT_LOCATION = YES;
				DSTROOT = /;
				DYLIB_COMPATIBILITY_VERSION = 1;
				DYLIB_CURRENT_VERSION = 1;
				FRAMEWORK_VERSION = 1.0;
				GCC_MODEL_TUNING = G5;
				GCC_PRECOMPILE_PREFIX_HEADER = YES;
				GCC_PREFIX_HEADER = Macmade_Prefix.pch;
				INFOPLIST_FILE = Info.plist;
				INSTALL_PATH = /Library/Frameworks;
				PRODUCT_NAME = Macmade;
				WRAPPER_EXTENSION = framework;
			};
			name = Release;
		};
		1DEB91B208733DA50010E9CD /* Debug */ = {
			isa = XCBuildConfiguration;
			buildSettings = {
				ARCHS = "$(ARCHS_STANDARD_32_BIT)";
				DEPLOYMENT_LOCATION = NO;
				GCC_C_LANGUAGE_STANDARD = c99;
				GCC_OPTIMIZATION_LEVEL = 0;
				GCC_TREAT_IMPLICIT_FUNCTION_DECLARATIONS_AS_ERRORS = NO;
				GCC_TREAT_NONCONFORMANT_CODE_ERRORS_AS_WARNINGS = NO;
				GCC_TREAT_WARNINGS_AS_ERRORS = NO;
				GCC_WARN_64_TO_32_BIT_CONVERSION = YES;
				GCC_WARN_ABOUT_MISSING_NEWLINE = YES;
				GCC_WARN_ABOUT_MISSING_PROTOTYPES = YES;
				GCC_WARN_ABOUT_RETURN_TYPE = YES;
				GCC_WARN_CHECK_SWITCH_STATEMENTS = YES;
				GCC_WARN_FOUR_CHARACTER_CONSTANTS = YES;
				GCC_WARN_HIDDEN_VIRTUAL_FUNCTIONS = YES;
				GCC_WARN_INITIALIZER_NOT_FULLY_BRACKETED = YES;
				GCC_WARN_MISSING_PARENTHESES = YES;
				GCC_WARN_NON_VIRTUAL_DESTRUCTOR = YES;
				GCC_WARN_PEDANTIC = NO;
				GCC_WARN_PROTOTYPE_CONVERSION = NO;
				GCC_WARN_SHADOW = NO;
				GCC_WARN_SIGN_COMPARE = YES;
				GCC_WARN_TYPECHECK_CALLS_TO_PRINTF = YES;
				GCC_WARN_UNINITIALIZED_AUTOS = NO;
				GCC_WARN_UNKNOWN_PRAGMAS = YES;
				GCC_WARN_UNUSED_FUNCTION = NO;
				GCC_WARN_UNUSED_LABEL = YES;
				GCC_WARN_UNUSED_PARAMETER = NO;
				GCC_WARN_UNUSED_VALUE = YES;
				GCC_WARN_UNUSED_VARIABLE = YES;
				ONLY_ACTIVE_ARCH = YES;
				PREBINDING = NO;
				SDKROOT = macosx10.5;
			};
			name = Debug;
		};
		1DEB91B308733DA50010E9CD /* Release */ = {
			isa = XCBuildConfiguration;
			buildSettings = {
				ARCHS = "$(ARCHS_STANDARD_32_BIT)";
				DEPLOYMENT_LOCATION = NO;
				GCC_C_LANGUAGE_STANDARD = c99;
				GCC_TREAT_IMPLICIT_FUNCTION_DECLARATIONS_AS_ERRORS = NO;
				GCC_WARN_64_TO_32_BIT_CONVERSION = YES;
				GCC_WARN_ABOUT_MISSING_NEWLINE = YES;
				GCC_WARN_ABOUT_MISSING_PROTOTYPES = YES;
				GCC_WARN_ABOUT_RETURN_TYPE = YES;
				GCC_WARN_CHECK_SWITCH_STATEMENTS = YES;
				GCC_WARN_FOUR_CHARACTER_CONSTANTS = YES;
				GCC_WARN_HIDDEN_VIRTUAL_FUNCTIONS = YES;
				GCC_WARN_INITIALIZER_NOT_FULLY_BRACKETED = YES;
				GCC_WARN_MISSING_PARENTHESES = YES;
				GCC_WARN_NON_VIRTUAL_DESTRUCTOR = YES;
				GCC_WARN_SIGN_COMPARE = YES;
				GCC_WARN_TYPECHECK_CALLS_TO_PRINTF = YES;
				GCC_WARN_UNKNOWN_PRAGMAS = YES;
				GCC_WARN_UNUSED_FUNCTION = NO;
				GCC_WARN_UNUSED_LABEL = YES;
				GCC_WARN_UNUSED_VALUE = YES;
				GCC_WARN_UNUSED_VARIABLE = YES;
				INSTALL_PATH = "";
				PREBINDING = NO;
				SDKROOT = macosx10.5;
			};
			name = Release;
		};
/* End XCBuildConfiguration section */

/* Begin XCConfigurationList section */
		1DEB91AD08733DA50010E9CD /* Build configuration list for PBXNativeTarget "Macmade" */ = {
			isa = XCConfigurationList;
			buildConfigurations = (
				1DEB91AE08733DA50010E9CD /* Debug */,
				1DEB91AF08733DA50010E9CD /* Release */,
			);
			defaultConfigurationIsVisible = 0;
			defaultConfigurationName = Release;
		};
		1DEB91B108733DA50010E9CD /* Build configuration list for PBXProject "Macmade" */ = {
			isa = XCConfigurationList;
			buildConfigurations = (
				1DEB91B208733DA50010E9CD /* Debug */,
				1DEB91B308733DA50010E9CD /* Release */,
			);
			defaultConfigurationIsVisible = 0;
			defaultConfigurationName = Release;
		};
/* End XCConfigurationList section */
	};
	rootObject = 0867D690FE84028FC02AAC07 /* Project object */;
}
